// !$*UTF8*$!
{
	archiveVersion = 1;
	classes = {
	};
	objectVersion = 46;
	objects = {

/* Begin PBXBuildFile section */
		341EF2AE1505F6C2003C0C17 /* RestaurantListDataSource.m in Sources */ = {isa = PBXBuildFile; fileRef = 341EF2AD1505F6C2003C0C17 /* RestaurantListDataSource.m */; };
		341EF2B21505F87A003C0C17 /* RestaurantListModel.m in Sources */ = {isa = PBXBuildFile; fileRef = 341EF2B11505F87A003C0C17 /* RestaurantListModel.m */; };
		341EF2B61506187B003C0C17 /* RestaurantDetailViewController.m in Sources */ = {isa = PBXBuildFile; fileRef = 341EF2B51506187B003C0C17 /* RestaurantDetailViewController.m */; };
		341EF2BA150620D7003C0C17 /* RestaurantDetailView.m in Sources */ = {isa = PBXBuildFile; fileRef = 341EF2B9150620D7003C0C17 /* RestaurantDetailView.m */; };
		341EF2BE15062325003C0C17 /* RestaurantDetailDataSource.m in Sources */ = {isa = PBXBuildFile; fileRef = 341EF2BD15062325003C0C17 /* RestaurantDetailDataSource.m */; };
		341EF2C215063F3B003C0C17 /* AccountViewController.m in Sources */ = {isa = PBXBuildFile; fileRef = 341EF2C115063F3B003C0C17 /* AccountViewController.m */; };
		341EF2C7150640CC003C0C17 /* AccountView.m in Sources */ = {isa = PBXBuildFile; fileRef = 341EF2C6150640CC003C0C17 /* AccountView.m */; };
		341EF2CC15064DD3003C0C17 /* LoginView.m in Sources */ = {isa = PBXBuildFile; fileRef = 341EF2CB15064DD3003C0C17 /* LoginView.m */; };
		346DDC2A1506863F0050FBC7 /* CreateAccountView.m in Sources */ = {isa = PBXBuildFile; fileRef = 346DDC291506863F0050FBC7 /* CreateAccountView.m */; };
		34D17F0A1505027C00BE4037 /* libOrdrin.a in Frameworks */ = {isa = PBXBuildFile; fileRef = 34D17F091505027C00BE4037 /* libOrdrin.a */; };
		34E3E24D1507411600DE69F3 /* UserMenuViewController.m in Sources */ = {isa = PBXBuildFile; fileRef = 34E3E24C1507411600DE69F3 /* UserMenuViewController.m */; };
		34E3E2511507535800DE69F3 /* UserMenuView.m in Sources */ = {isa = PBXBuildFile; fileRef = 34E3E2501507535800DE69F3 /* UserMenuView.m */; };
		34E3E25515075F5D00DE69F3 /* AccountInfoViewController.m in Sources */ = {isa = PBXBuildFile; fileRef = 34E3E25415075F5D00DE69F3 /* AccountInfoViewController.m */; };
		34E3E259150761BE00DE69F3 /* AccountInfoView.m in Sources */ = {isa = PBXBuildFile; fileRef = 34E3E258150761BE00DE69F3 /* AccountInfoView.m */; };
		34E3E25D1507646C00DE69F3 /* AccountInfoDataSource.m in Sources */ = {isa = PBXBuildFile; fileRef = 34E3E25C1507646C00DE69F3 /* AccountInfoDataSource.m */; };
		34E3E26115076A9200DE69F3 /* UserAddressesViewController.m in Sources */ = {isa = PBXBuildFile; fileRef = 34E3E26015076A9200DE69F3 /* UserAddressesViewController.m */; };
		34E3E26515076C6200DE69F3 /* UserAddressesView.m in Sources */ = {isa = PBXBuildFile; fileRef = 34E3E26415076C6200DE69F3 /* UserAddressesView.m */; };
		34E3E26915076F3500DE69F3 /* UserAddressesDataSource.m in Sources */ = {isa = PBXBuildFile; fileRef = 34E3E26815076F3500DE69F3 /* UserAddressesDataSource.m */; };
		34E3E26D150774EB00DE69F3 /* UserCreditCardsViewController.m in Sources */ = {isa = PBXBuildFile; fileRef = 34E3E26C150774EB00DE69F3 /* UserCreditCardsViewController.m */; };
		34E3E2711507781200DE69F3 /* UserCreditCardsView.m in Sources */ = {isa = PBXBuildFile; fileRef = 34E3E2701507781200DE69F3 /* UserCreditCardsView.m */; };
		34E3E27515077D6100DE69F3 /* UserCreditCardsDataSource.m in Sources */ = {isa = PBXBuildFile; fileRef = 34E3E27415077D6100DE69F3 /* UserCreditCardsDataSource.m */; };
		34E3E279150790FA00DE69F3 /* AddCreditCardViewController.m in Sources */ = {isa = PBXBuildFile; fileRef = 34E3E278150790FA00DE69F3 /* AddCreditCardViewController.m */; };
		34E3E27D1507992200DE69F3 /* AddCreditCardView.m in Sources */ = {isa = PBXBuildFile; fileRef = 34E3E27C1507992200DE69F3 /* AddCreditCardView.m */; };
		34E9E6681505EF9300D502A6 /* RestaurantListViewController.m in Sources */ = {isa = PBXBuildFile; fileRef = 34E9E6671505EF9300D502A6 /* RestaurantListViewController.m */; };
		34E9E66C1505F07800D502A6 /* RestaurantListView.m in Sources */ = {isa = PBXBuildFile; fileRef = 34E9E66B1505F07800D502A6 /* RestaurantListView.m */; };
		34F34EE81504C8E900DC2735 /* UIKit.framework in Frameworks */ = {isa = PBXBuildFile; fileRef = 34F34EE71504C8E900DC2735 /* UIKit.framework */; };
		34F34EEA1504C8E900DC2735 /* Foundation.framework in Frameworks */ = {isa = PBXBuildFile; fileRef = 34F34EE91504C8E900DC2735 /* Foundation.framework */; };
		34F34EEC1504C8E900DC2735 /* CoreGraphics.framework in Frameworks */ = {isa = PBXBuildFile; fileRef = 34F34EEB1504C8E900DC2735 /* CoreGraphics.framework */; };
		34F34EF21504C8E900DC2735 /* InfoPlist.strings in Resources */ = {isa = PBXBuildFile; fileRef = 34F34EF01504C8E900DC2735 /* InfoPlist.strings */; };
		34F34EF41504C8E900DC2735 /* main.m in Sources */ = {isa = PBXBuildFile; fileRef = 34F34EF31504C8E900DC2735 /* main.m */; };
		34F34EF81504C8E900DC2735 /* AppDelegate.m in Sources */ = {isa = PBXBuildFile; fileRef = 34F34EF71504C8E900DC2735 /* AppDelegate.m */; };
		34F34F201504CE4900DC2735 /* AddressFormViewController.m in Sources */ = {isa = PBXBuildFile; fileRef = 34F34F1F1504CE4900DC2735 /* AddressFormViewController.m */; };
		34F34F241504CFF600DC2735 /* AddressFormView.m in Sources */ = {isa = PBXBuildFile; fileRef = 34F34F231504CFF600DC2735 /* AddressFormView.m */; };
		34F34F261504F11D00DC2735 /* MobileCoreServices.framework in Frameworks */ = {isa = PBXBuildFile; fileRef = 34F34F251504F11D00DC2735 /* MobileCoreServices.framework */; };
		34F34F281504F12400DC2735 /* CFNetwork.framework in Frameworks */ = {isa = PBXBuildFile; fileRef = 34F34F271504F12400DC2735 /* CFNetwork.framework */; };
		34F34F2A1504F12F00DC2735 /* SystemConfiguration.framework in Frameworks */ = {isa = PBXBuildFile; fileRef = 34F34F291504F12F00DC2735 /* SystemConfiguration.framework */; };
		34F34F2C1504F14700DC2735 /* libz.dylib in Frameworks */ = {isa = PBXBuildFile; fileRef = 34F34F2B1504F14700DC2735 /* libz.dylib */; };
/* End PBXBuildFile section */

/* Begin PBXFileReference section */
		341EF2AC1505F6C2003C0C17 /* RestaurantListDataSource.h */ = {isa = PBXFileReference; fileEncoding = 4; lastKnownFileType = sourcecode.c.h; path = RestaurantListDataSource.h; sourceTree = "<group>"; };
		341EF2AD1505F6C2003C0C17 /* RestaurantListDataSource.m */ = {isa = PBXFileReference; fileEncoding = 4; lastKnownFileType = sourcecode.c.objc; path = RestaurantListDataSource.m; sourceTree = "<group>"; };
		341EF2B01505F87A003C0C17 /* RestaurantListModel.h */ = {isa = PBXFileReference; fileEncoding = 4; lastKnownFileType = sourcecode.c.h; path = RestaurantListModel.h; sourceTree = "<group>"; };
		341EF2B11505F87A003C0C17 /* RestaurantListModel.m */ = {isa = PBXFileReference; fileEncoding = 4; lastKnownFileType = sourcecode.c.objc; path = RestaurantListModel.m; sourceTree = "<group>"; };
		341EF2B41506187B003C0C17 /* RestaurantDetailViewController.h */ = {isa = PBXFileReference; fileEncoding = 4; lastKnownFileType = sourcecode.c.h; path = RestaurantDetailViewController.h; sourceTree = "<group>"; };
		341EF2B51506187B003C0C17 /* RestaurantDetailViewController.m */ = {isa = PBXFileReference; fileEncoding = 4; lastKnownFileType = sourcecode.c.objc; path = RestaurantDetailViewController.m; sourceTree = "<group>"; };
		341EF2B8150620D7003C0C17 /* RestaurantDetailView.h */ = {isa = PBXFileReference; fileEncoding = 4; lastKnownFileType = sourcecode.c.h; path = RestaurantDetailView.h; sourceTree = "<group>"; };
		341EF2B9150620D7003C0C17 /* RestaurantDetailView.m */ = {isa = PBXFileReference; fileEncoding = 4; lastKnownFileType = sourcecode.c.objc; path = RestaurantDetailView.m; sourceTree = "<group>"; };
		341EF2BC15062325003C0C17 /* RestaurantDetailDataSource.h */ = {isa = PBXFileReference; fileEncoding = 4; lastKnownFileType = sourcecode.c.h; path = RestaurantDetailDataSource.h; sourceTree = "<group>"; };
		341EF2BD15062325003C0C17 /* RestaurantDetailDataSource.m */ = {isa = PBXFileReference; fileEncoding = 4; lastKnownFileType = sourcecode.c.objc; path = RestaurantDetailDataSource.m; sourceTree = "<group>"; };
		341EF2C015063F3B003C0C17 /* AccountViewController.h */ = {isa = PBXFileReference; fileEncoding = 4; lastKnownFileType = sourcecode.c.h; path = AccountViewController.h; sourceTree = "<group>"; };
		341EF2C115063F3B003C0C17 /* AccountViewController.m */ = {isa = PBXFileReference; fileEncoding = 4; lastKnownFileType = sourcecode.c.objc; path = AccountViewController.m; sourceTree = "<group>"; };
		341EF2C5150640CC003C0C17 /* AccountView.h */ = {isa = PBXFileReference; fileEncoding = 4; lastKnownFileType = sourcecode.c.h; path = AccountView.h; sourceTree = "<group>"; };
		341EF2C6150640CC003C0C17 /* AccountView.m */ = {isa = PBXFileReference; fileEncoding = 4; lastKnownFileType = sourcecode.c.objc; path = AccountView.m; sourceTree = "<group>"; };
		341EF2CA15064DD3003C0C17 /* LoginView.h */ = {isa = PBXFileReference; fileEncoding = 4; lastKnownFileType = sourcecode.c.h; path = LoginView.h; sourceTree = "<group>"; };
		341EF2CB15064DD3003C0C17 /* LoginView.m */ = {isa = PBXFileReference; fileEncoding = 4; lastKnownFileType = sourcecode.c.objc; path = LoginView.m; sourceTree = "<group>"; };
		346DDC281506863F0050FBC7 /* CreateAccountView.h */ = {isa = PBXFileReference; fileEncoding = 4; lastKnownFileType = sourcecode.c.h; path = CreateAccountView.h; sourceTree = "<group>"; };
		346DDC291506863F0050FBC7 /* CreateAccountView.m */ = {isa = PBXFileReference; fileEncoding = 4; lastKnownFileType = sourcecode.c.objc; path = CreateAccountView.m; sourceTree = "<group>"; };
		34D17F091505027C00BE4037 /* libOrdrin.a */ = {isa = PBXFileReference; lastKnownFileType = archive.ar; name = libOrdrin.a; path = "../../../../../Library/Developer/Xcode/DerivedData/Ordrin-afvsdjbxgmttnsdwgfmvuptbnatc/Build/Products/Debug-iphoneos/libOrdrin.a"; sourceTree = "<group>"; };
		34D17F0B1505054400BE4037 /* OrdrinDemo.h */ = {isa = PBXFileReference; lastKnownFileType = sourcecode.c.h; name = OrdrinDemo.h; path = ../OrdrinDemo.h; sourceTree = "<group>"; };
		34E3E24B1507411600DE69F3 /* UserMenuViewController.h */ = {isa = PBXFileReference; fileEncoding = 4; lastKnownFileType = sourcecode.c.h; path = UserMenuViewController.h; sourceTree = "<group>"; };
		34E3E24C1507411600DE69F3 /* UserMenuViewController.m */ = {isa = PBXFileReference; fileEncoding = 4; lastKnownFileType = sourcecode.c.objc; path = UserMenuViewController.m; sourceTree = "<group>"; };
		34E3E24F1507535800DE69F3 /* UserMenuView.h */ = {isa = PBXFileReference; fileEncoding = 4; lastKnownFileType = sourcecode.c.h; path = UserMenuView.h; sourceTree = "<group>"; };
		34E3E2501507535800DE69F3 /* UserMenuView.m */ = {isa = PBXFileReference; fileEncoding = 4; lastKnownFileType = sourcecode.c.objc; path = UserMenuView.m; sourceTree = "<group>"; };
		34E3E25315075F5D00DE69F3 /* AccountInfoViewController.h */ = {isa = PBXFileReference; fileEncoding = 4; lastKnownFileType = sourcecode.c.h; path = AccountInfoViewController.h; sourceTree = "<group>"; };
		34E3E25415075F5D00DE69F3 /* AccountInfoViewController.m */ = {isa = PBXFileReference; fileEncoding = 4; lastKnownFileType = sourcecode.c.objc; path = AccountInfoViewController.m; sourceTree = "<group>"; };
		34E3E257150761BE00DE69F3 /* AccountInfoView.h */ = {isa = PBXFileReference; fileEncoding = 4; lastKnownFileType = sourcecode.c.h; path = AccountInfoView.h; sourceTree = "<group>"; };
		34E3E258150761BE00DE69F3 /* AccountInfoView.m */ = {isa = PBXFileReference; fileEncoding = 4; lastKnownFileType = sourcecode.c.objc; path = AccountInfoView.m; sourceTree = "<group>"; };
		34E3E25B1507646C00DE69F3 /* AccountInfoDataSource.h */ = {isa = PBXFileReference; fileEncoding = 4; lastKnownFileType = sourcecode.c.h; path = AccountInfoDataSource.h; sourceTree = "<group>"; };
		34E3E25C1507646C00DE69F3 /* AccountInfoDataSource.m */ = {isa = PBXFileReference; fileEncoding = 4; lastKnownFileType = sourcecode.c.objc; path = AccountInfoDataSource.m; sourceTree = "<group>"; };
		34E3E25F15076A9200DE69F3 /* UserAddressesViewController.h */ = {isa = PBXFileReference; fileEncoding = 4; lastKnownFileType = sourcecode.c.h; path = UserAddressesViewController.h; sourceTree = "<group>"; };
		34E3E26015076A9200DE69F3 /* UserAddressesViewController.m */ = {isa = PBXFileReference; fileEncoding = 4; lastKnownFileType = sourcecode.c.objc; path = UserAddressesViewController.m; sourceTree = "<group>"; };
		34E3E26315076C6200DE69F3 /* UserAddressesView.h */ = {isa = PBXFileReference; fileEncoding = 4; lastKnownFileType = sourcecode.c.h; path = UserAddressesView.h; sourceTree = "<group>"; };
		34E3E26415076C6200DE69F3 /* UserAddressesView.m */ = {isa = PBXFileReference; fileEncoding = 4; lastKnownFileType = sourcecode.c.objc; path = UserAddressesView.m; sourceTree = "<group>"; };
		34E3E26715076F3500DE69F3 /* UserAddressesDataSource.h */ = {isa = PBXFileReference; fileEncoding = 4; lastKnownFileType = sourcecode.c.h; path = UserAddressesDataSource.h; sourceTree = "<group>"; };
		34E3E26815076F3500DE69F3 /* UserAddressesDataSource.m */ = {isa = PBXFileReference; fileEncoding = 4; lastKnownFileType = sourcecode.c.objc; path = UserAddressesDataSource.m; sourceTree = "<group>"; };
		34E3E26B150774EB00DE69F3 /* UserCreditCardsViewController.h */ = {isa = PBXFileReference; fileEncoding = 4; lastKnownFileType = sourcecode.c.h; path = UserCreditCardsViewController.h; sourceTree = "<group>"; };
		34E3E26C150774EB00DE69F3 /* UserCreditCardsViewController.m */ = {isa = PBXFileReference; fileEncoding = 4; lastKnownFileType = sourcecode.c.objc; path = UserCreditCardsViewController.m; sourceTree = "<group>"; };
		34E3E26F1507781200DE69F3 /* UserCreditCardsView.h */ = {isa = PBXFileReference; fileEncoding = 4; lastKnownFileType = sourcecode.c.h; path = UserCreditCardsView.h; sourceTree = "<group>"; };
		34E3E2701507781200DE69F3 /* UserCreditCardsView.m */ = {isa = PBXFileReference; fileEncoding = 4; lastKnownFileType = sourcecode.c.objc; path = UserCreditCardsView.m; sourceTree = "<group>"; };
		34E3E27315077D6100DE69F3 /* UserCreditCardsDataSource.h */ = {isa = PBXFileReference; fileEncoding = 4; lastKnownFileType = sourcecode.c.h; path = UserCreditCardsDataSource.h; sourceTree = "<group>"; };
		34E3E27415077D6100DE69F3 /* UserCreditCardsDataSource.m */ = {isa = PBXFileReference; fileEncoding = 4; lastKnownFileType = sourcecode.c.objc; path = UserCreditCardsDataSource.m; sourceTree = "<group>"; };
		34E3E277150790FA00DE69F3 /* AddCreditCardViewController.h */ = {isa = PBXFileReference; fileEncoding = 4; lastKnownFileType = sourcecode.c.h; path = AddCreditCardViewController.h; sourceTree = "<group>"; };
		34E3E278150790FA00DE69F3 /* AddCreditCardViewController.m */ = {isa = PBXFileReference; fileEncoding = 4; lastKnownFileType = sourcecode.c.objc; path = AddCreditCardViewController.m; sourceTree = "<group>"; };
		34E3E27B1507992200DE69F3 /* AddCreditCardView.h */ = {isa = PBXFileReference; fileEncoding = 4; lastKnownFileType = sourcecode.c.h; path = AddCreditCardView.h; sourceTree = "<group>"; };
		34E3E27C1507992200DE69F3 /* AddCreditCardView.m */ = {isa = PBXFileReference; fileEncoding = 4; lastKnownFileType = sourcecode.c.objc; path = AddCreditCardView.m; sourceTree = "<group>"; };
		34E9E6661505EF9300D502A6 /* RestaurantListViewController.h */ = {isa = PBXFileReference; fileEncoding = 4; lastKnownFileType = sourcecode.c.h; path = RestaurantListViewController.h; sourceTree = "<group>"; };
		34E9E6671505EF9300D502A6 /* RestaurantListViewController.m */ = {isa = PBXFileReference; fileEncoding = 4; lastKnownFileType = sourcecode.c.objc; path = RestaurantListViewController.m; sourceTree = "<group>"; };
		34E9E66A1505F07800D502A6 /* RestaurantListView.h */ = {isa = PBXFileReference; fileEncoding = 4; lastKnownFileType = sourcecode.c.h; path = RestaurantListView.h; sourceTree = "<group>"; };
		34E9E66B1505F07800D502A6 /* RestaurantListView.m */ = {isa = PBXFileReference; fileEncoding = 4; lastKnownFileType = sourcecode.c.objc; path = RestaurantListView.m; sourceTree = "<group>"; };
		34F34EE31504C8E900DC2735 /* OrdrinDemoApp.app */ = {isa = PBXFileReference; explicitFileType = wrapper.application; includeInIndex = 0; path = OrdrinDemoApp.app; sourceTree = BUILT_PRODUCTS_DIR; };
		34F34EE71504C8E900DC2735 /* UIKit.framework */ = {isa = PBXFileReference; lastKnownFileType = wrapper.framework; name = UIKit.framework; path = System/Library/Frameworks/UIKit.framework; sourceTree = SDKROOT; };
		34F34EE91504C8E900DC2735 /* Foundation.framework */ = {isa = PBXFileReference; lastKnownFileType = wrapper.framework; name = Foundation.framework; path = System/Library/Frameworks/Foundation.framework; sourceTree = SDKROOT; };
		34F34EEB1504C8E900DC2735 /* CoreGraphics.framework */ = {isa = PBXFileReference; lastKnownFileType = wrapper.framework; name = CoreGraphics.framework; path = System/Library/Frameworks/CoreGraphics.framework; sourceTree = SDKROOT; };
		34F34EEF1504C8E900DC2735 /* OrdrinDemoApp-Info.plist */ = {isa = PBXFileReference; lastKnownFileType = text.plist.xml; path = "OrdrinDemoApp-Info.plist"; sourceTree = "<group>"; };
		34F34EF11504C8E900DC2735 /* en */ = {isa = PBXFileReference; lastKnownFileType = text.plist.strings; name = en; path = en.lproj/InfoPlist.strings; sourceTree = "<group>"; };
		34F34EF31504C8E900DC2735 /* main.m */ = {isa = PBXFileReference; lastKnownFileType = sourcecode.c.objc; path = main.m; sourceTree = "<group>"; };
		34F34EF51504C8E900DC2735 /* OrdrinDemoApp-Prefix.pch */ = {isa = PBXFileReference; lastKnownFileType = sourcecode.c.h; path = "OrdrinDemoApp-Prefix.pch"; sourceTree = "<group>"; };
		34F34EF61504C8E900DC2735 /* AppDelegate.h */ = {isa = PBXFileReference; lastKnownFileType = sourcecode.c.h; path = AppDelegate.h; sourceTree = "<group>"; };
		34F34EF71504C8E900DC2735 /* AppDelegate.m */ = {isa = PBXFileReference; lastKnownFileType = sourcecode.c.objc; path = AppDelegate.m; sourceTree = "<group>"; };
		34F34F1E1504CE4900DC2735 /* AddressFormViewController.h */ = {isa = PBXFileReference; fileEncoding = 4; lastKnownFileType = sourcecode.c.h; path = AddressFormViewController.h; sourceTree = "<group>"; };
		34F34F1F1504CE4900DC2735 /* AddressFormViewController.m */ = {isa = PBXFileReference; fileEncoding = 4; lastKnownFileType = sourcecode.c.objc; path = AddressFormViewController.m; sourceTree = "<group>"; };
		34F34F221504CFF600DC2735 /* AddressFormView.h */ = {isa = PBXFileReference; fileEncoding = 4; lastKnownFileType = sourcecode.c.h; path = AddressFormView.h; sourceTree = "<group>"; };
		34F34F231504CFF600DC2735 /* AddressFormView.m */ = {isa = PBXFileReference; fileEncoding = 4; lastKnownFileType = sourcecode.c.objc; path = AddressFormView.m; sourceTree = "<group>"; };
		34F34F251504F11D00DC2735 /* MobileCoreServices.framework */ = {isa = PBXFileReference; lastKnownFileType = wrapper.framework; name = MobileCoreServices.framework; path = System/Library/Frameworks/MobileCoreServices.framework; sourceTree = SDKROOT; };
		34F34F271504F12400DC2735 /* CFNetwork.framework */ = {isa = PBXFileReference; lastKnownFileType = wrapper.framework; name = CFNetwork.framework; path = System/Library/Frameworks/CFNetwork.framework; sourceTree = SDKROOT; };
		34F34F291504F12F00DC2735 /* SystemConfiguration.framework */ = {isa = PBXFileReference; lastKnownFileType = wrapper.framework; name = SystemConfiguration.framework; path = System/Library/Frameworks/SystemConfiguration.framework; sourceTree = SDKROOT; };
		34F34F2B1504F14700DC2735 /* libz.dylib */ = {isa = PBXFileReference; lastKnownFileType = "compiled.mach-o.dylib"; name = libz.dylib; path = usr/lib/libz.dylib; sourceTree = SDKROOT; };
/* End PBXFileReference section */

/* Begin PBXFrameworksBuildPhase section */
		34F34EE01504C8E900DC2735 /* Frameworks */ = {
			isa = PBXFrameworksBuildPhase;
			buildActionMask = 2147483647;
			files = (
				34D17F0A1505027C00BE4037 /* libOrdrin.a in Frameworks */,
				34F34F2C1504F14700DC2735 /* libz.dylib in Frameworks */,
				34F34F2A1504F12F00DC2735 /* SystemConfiguration.framework in Frameworks */,
				34F34F281504F12400DC2735 /* CFNetwork.framework in Frameworks */,
				34F34F261504F11D00DC2735 /* MobileCoreServices.framework in Frameworks */,
				34F34EE81504C8E900DC2735 /* UIKit.framework in Frameworks */,
				34F34EEA1504C8E900DC2735 /* Foundation.framework in Frameworks */,
				34F34EEC1504C8E900DC2735 /* CoreGraphics.framework in Frameworks */,
			);
			runOnlyForDeploymentPostprocessing = 0;
		};
/* End PBXFrameworksBuildPhase section */

/* Begin PBXGroup section */
		341EF2AA1505F6AE003C0C17 /* RestaurantListDataSource */ = {
			isa = PBXGroup;
			children = (
				341EF2AC1505F6C2003C0C17 /* RestaurantListDataSource.h */,
				341EF2AD1505F6C2003C0C17 /* RestaurantListDataSource.m */,
			);
			name = RestaurantListDataSource;
			sourceTree = "<group>";
		};
		341EF2AF1505F867003C0C17 /* RestaurantListModel */ = {
			isa = PBXGroup;
			children = (
				341EF2B01505F87A003C0C17 /* RestaurantListModel.h */,
				341EF2B11505F87A003C0C17 /* RestaurantListModel.m */,
			);
			name = RestaurantListModel;
			sourceTree = "<group>";
		};
		341EF2B31506185A003C0C17 /* RestaurantDetailViewController */ = {
			isa = PBXGroup;
			children = (
				341EF2BB15062313003C0C17 /* RestaurantDetailDataSource */,
				341EF2B7150620C0003C0C17 /* RestaurantDetailView */,
				341EF2B41506187B003C0C17 /* RestaurantDetailViewController.h */,
				341EF2B51506187B003C0C17 /* RestaurantDetailViewController.m */,
			);
			name = RestaurantDetailViewController;
			sourceTree = "<group>";
		};
		341EF2B7150620C0003C0C17 /* RestaurantDetailView */ = {
			isa = PBXGroup;
			children = (
				341EF2B8150620D7003C0C17 /* RestaurantDetailView.h */,
				341EF2B9150620D7003C0C17 /* RestaurantDetailView.m */,
			);
			name = RestaurantDetailView;
			sourceTree = "<group>";
		};
		341EF2BB15062313003C0C17 /* RestaurantDetailDataSource */ = {
			isa = PBXGroup;
			children = (
				341EF2BC15062325003C0C17 /* RestaurantDetailDataSource.h */,
				341EF2BD15062325003C0C17 /* RestaurantDetailDataSource.m */,
			);
			name = RestaurantDetailDataSource;
			sourceTree = "<group>";
		};
		341EF2BF150632BA003C0C17 /* User */ = {
			isa = PBXGroup;
			children = (
				34E3E26A1507746400DE69F3 /* UserCreditCardsViewController */,
				34E3E25E15076A1B00DE69F3 /* UserAddressesViewController */,
				34E3E25215075F2400DE69F3 /* AccountInfoViewController */,
				34E3E249150740F200DE69F3 /* UserMenuViewController */,
				341EF2C31506408E003C0C17 /* AccountViewController */,
			);
			name = User;
			sourceTree = "<group>";
		};
		341EF2C31506408E003C0C17 /* AccountViewController */ = {
			isa = PBXGroup;
			children = (
				346DDC261506862D0050FBC7 /* CreateAccountView */,
				341EF2C4150640AE003C0C17 /* AccountView */,
				341EF2C015063F3B003C0C17 /* AccountViewController.h */,
				341EF2C115063F3B003C0C17 /* AccountViewController.m */,
			);
			name = AccountViewController;
			sourceTree = "<group>";
		};
		341EF2C4150640AE003C0C17 /* AccountView */ = {
			isa = PBXGroup;
			children = (
				341EF2C915064DB4003C0C17 /* CreateAccountView */,
				341EF2C815064DAB003C0C17 /* LoginView */,
				341EF2C5150640CC003C0C17 /* AccountView.h */,
				341EF2C6150640CC003C0C17 /* AccountView.m */,
			);
			name = AccountView;
			sourceTree = "<group>";
		};
		341EF2C815064DAB003C0C17 /* LoginView */ = {
			isa = PBXGroup;
			children = (
				341EF2CA15064DD3003C0C17 /* LoginView.h */,
				341EF2CB15064DD3003C0C17 /* LoginView.m */,
			);
			name = LoginView;
			sourceTree = "<group>";
		};
		341EF2C915064DB4003C0C17 /* CreateAccountView */ = {
			isa = PBXGroup;
			children = (
			);
			name = CreateAccountView;
			sourceTree = "<group>";
		};
		346DDC261506862D0050FBC7 /* CreateAccountView */ = {
			isa = PBXGroup;
			children = (
				346DDC281506863F0050FBC7 /* CreateAccountView.h */,
				346DDC291506863F0050FBC7 /* CreateAccountView.m */,
			);
			name = CreateAccountView;
			sourceTree = "<group>";
		};
		34E3E249150740F200DE69F3 /* UserMenuViewController */ = {
			isa = PBXGroup;
			children = (
				34E3E24E1507533B00DE69F3 /* UserMenuView */,
				34E3E24B1507411600DE69F3 /* UserMenuViewController.h */,
				34E3E24C1507411600DE69F3 /* UserMenuViewController.m */,
			);
			name = UserMenuViewController;
			sourceTree = "<group>";
		};
		34E3E24E1507533B00DE69F3 /* UserMenuView */ = {
			isa = PBXGroup;
			children = (
				34E3E24F1507535800DE69F3 /* UserMenuView.h */,
				34E3E2501507535800DE69F3 /* UserMenuView.m */,
			);
			name = UserMenuView;
			sourceTree = "<group>";
		};
		34E3E25215075F2400DE69F3 /* AccountInfoViewController */ = {
			isa = PBXGroup;
			children = (
				34E3E25A1507645300DE69F3 /* AccountInfoDataSource */,
				34E3E256150761A600DE69F3 /* AccountInfoView */,
				34E3E25315075F5D00DE69F3 /* AccountInfoViewController.h */,
				34E3E25415075F5D00DE69F3 /* AccountInfoViewController.m */,
			);
			name = AccountInfoViewController;
			sourceTree = "<group>";
		};
		34E3E256150761A600DE69F3 /* AccountInfoView */ = {
			isa = PBXGroup;
			children = (
				34E3E257150761BE00DE69F3 /* AccountInfoView.h */,
				34E3E258150761BE00DE69F3 /* AccountInfoView.m */,
			);
			name = AccountInfoView;
			sourceTree = "<group>";
		};
		34E3E25A1507645300DE69F3 /* AccountInfoDataSource */ = {
			isa = PBXGroup;
			children = (
				34E3E25B1507646C00DE69F3 /* AccountInfoDataSource.h */,
				34E3E25C1507646C00DE69F3 /* AccountInfoDataSource.m */,
			);
			name = AccountInfoDataSource;
			sourceTree = "<group>";
		};
		34E3E25E15076A1B00DE69F3 /* UserAddressesViewController */ = {
			isa = PBXGroup;
			children = (
				34E3E26615076F1E00DE69F3 /* UserAddressesDataSource */,
				34E3E26215076C5300DE69F3 /* UserAddressesView */,
				34E3E25F15076A9200DE69F3 /* UserAddressesViewController.h */,
				34E3E26015076A9200DE69F3 /* UserAddressesViewController.m */,
			);
			name = UserAddressesViewController;
			sourceTree = "<group>";
		};
		34E3E26215076C5300DE69F3 /* UserAddressesView */ = {
			isa = PBXGroup;
			children = (
				34E3E26315076C6200DE69F3 /* UserAddressesView.h */,
				34E3E26415076C6200DE69F3 /* UserAddressesView.m */,
			);
			name = UserAddressesView;
			sourceTree = "<group>";
		};
		34E3E26615076F1E00DE69F3 /* UserAddressesDataSource */ = {
			isa = PBXGroup;
			children = (
				34E3E26715076F3500DE69F3 /* UserAddressesDataSource.h */,
				34E3E26815076F3500DE69F3 /* UserAddressesDataSource.m */,
			);
			name = UserAddressesDataSource;
			sourceTree = "<group>";
		};
		34E3E26A1507746400DE69F3 /* UserCreditCardsViewController */ = {
			isa = PBXGroup;
			children = (
				34E3E276150790B800DE69F3 /* AddCreditCardViewController */,
				34E3E27215077D4300DE69F3 /* UserCreditCardsDataSource */,
				34E3E26E150777FF00DE69F3 /* UserCreditCardsView */,
				34E3E26B150774EB00DE69F3 /* UserCreditCardsViewController.h */,
				34E3E26C150774EB00DE69F3 /* UserCreditCardsViewController.m */,
			);
			name = UserCreditCardsViewController;
			sourceTree = "<group>";
		};
		34E3E26E150777FF00DE69F3 /* UserCreditCardsView */ = {
			isa = PBXGroup;
			children = (
				34E3E26F1507781200DE69F3 /* UserCreditCardsView.h */,
				34E3E2701507781200DE69F3 /* UserCreditCardsView.m */,
			);
			name = UserCreditCardsView;
			sourceTree = "<group>";
		};
		34E3E27215077D4300DE69F3 /* UserCreditCardsDataSource */ = {
			isa = PBXGroup;
			children = (
				34E3E27315077D6100DE69F3 /* UserCreditCardsDataSource.h */,
				34E3E27415077D6100DE69F3 /* UserCreditCardsDataSource.m */,
			);
			name = UserCreditCardsDataSource;
			sourceTree = "<group>";
		};
		34E3E276150790B800DE69F3 /* AddCreditCardViewController */ = {
			isa = PBXGroup;
			children = (
				34E3E27A1507991000DE69F3 /* AddCreditCardView */,
				34E3E277150790FA00DE69F3 /* AddCreditCardViewController.h */,
				34E3E278150790FA00DE69F3 /* AddCreditCardViewController.m */,
			);
			name = AddCreditCardViewController;
			sourceTree = "<group>";
		};
		34E3E27A1507991000DE69F3 /* AddCreditCardView */ = {
			isa = PBXGroup;
			children = (
				34E3E27B1507992200DE69F3 /* AddCreditCardView.h */,
				34E3E27C1507992200DE69F3 /* AddCreditCardView.m */,
			);
			name = AddCreditCardView;
			sourceTree = "<group>";
		};
		34E9E6651505EF6E00D502A6 /* RestaurantListViewController */ = {
			isa = PBXGroup;
			children = (
				341EF2AF1505F867003C0C17 /* RestaurantListModel */,
				341EF2AA1505F6AE003C0C17 /* RestaurantListDataSource */,
				34E9E6691505F06100D502A6 /* RestaurantListView */,
				34E9E6661505EF9300D502A6 /* RestaurantListViewController.h */,
				34E9E6671505EF9300D502A6 /* RestaurantListViewController.m */,
			);
			name = RestaurantListViewController;
			sourceTree = "<group>";
		};
		34E9E6691505F06100D502A6 /* RestaurantListView */ = {
			isa = PBXGroup;
			children = (
				34E9E66A1505F07800D502A6 /* RestaurantListView.h */,
				34E9E66B1505F07800D502A6 /* RestaurantListView.m */,
			);
			name = RestaurantListView;
			sourceTree = "<group>";
		};
		34F34ED81504C8E900DC2735 = {
			isa = PBXGroup;
			children = (
				34F34EED1504C8E900DC2735 /* OrdrinDemoApp */,
				34F34EE61504C8E900DC2735 /* Frameworks */,
				34F34EE41504C8E900DC2735 /* Products */,
			);
			sourceTree = "<group>";
		};
		34F34EE41504C8E900DC2735 /* Products */ = {
			isa = PBXGroup;
			children = (
				34F34EE31504C8E900DC2735 /* OrdrinDemoApp.app */,
			);
			name = Products;
			sourceTree = "<group>";
		};
		34F34EE61504C8E900DC2735 /* Frameworks */ = {
			isa = PBXGroup;
			children = (
				34D17F091505027C00BE4037 /* libOrdrin.a */,
				34F34F2B1504F14700DC2735 /* libz.dylib */,
				34F34F291504F12F00DC2735 /* SystemConfiguration.framework */,
				34F34F271504F12400DC2735 /* CFNetwork.framework */,
				34F34F251504F11D00DC2735 /* MobileCoreServices.framework */,
				34F34EE71504C8E900DC2735 /* UIKit.framework */,
				34F34EE91504C8E900DC2735 /* Foundation.framework */,
				34F34EEB1504C8E900DC2735 /* CoreGraphics.framework */,
			);
			name = Frameworks;
			sourceTree = "<group>";
		};
		34F34EED1504C8E900DC2735 /* OrdrinDemoApp */ = {
			isa = PBXGroup;
			children = (
				34D17F0B1505054400BE4037 /* OrdrinDemo.h */,
				34F34F171504CD4D00DC2735 /* UI */,
				34F34EF61504C8E900DC2735 /* AppDelegate.h */,
				34F34EF71504C8E900DC2735 /* AppDelegate.m */,
				34F34EEE1504C8E900DC2735 /* Supporting Files */,
			);
			path = OrdrinDemoApp;
			sourceTree = "<group>";
		};
		34F34EEE1504C8E900DC2735 /* Supporting Files */ = {
			isa = PBXGroup;
			children = (
				34F34EEF1504C8E900DC2735 /* OrdrinDemoApp-Info.plist */,
				34F34EF01504C8E900DC2735 /* InfoPlist.strings */,
				34F34EF31504C8E900DC2735 /* main.m */,
				34F34EF51504C8E900DC2735 /* OrdrinDemoApp-Prefix.pch */,
			);
			name = "Supporting Files";
			sourceTree = "<group>";
		};
		34F34F171504CD4D00DC2735 /* UI */ = {
			isa = PBXGroup;
			children = (
				341EF2BF150632BA003C0C17 /* User */,
				34F34F191504CD5400DC2735 /* Restaurants */,
			);
			name = UI;
			sourceTree = "<group>";
		};
		34F34F191504CD5400DC2735 /* Restaurants */ = {
			isa = PBXGroup;
			children = (
				341EF2B31506185A003C0C17 /* RestaurantDetailViewController */,
				34E9E6651505EF6E00D502A6 /* RestaurantListViewController */,
				34F34F1A1504CDC300DC2735 /* AddressFormViewController */,
			);
			name = Restaurants;
			sourceTree = "<group>";
		};
		34F34F1A1504CDC300DC2735 /* AddressFormViewController */ = {
			isa = PBXGroup;
			children = (
				34F34F211504CECC00DC2735 /* AddressFormView */,
				34F34F1E1504CE4900DC2735 /* AddressFormViewController.h */,
				34F34F1F1504CE4900DC2735 /* AddressFormViewController.m */,
			);
			name = AddressFormViewController;
			sourceTree = "<group>";
		};
		34F34F211504CECC00DC2735 /* AddressFormView */ = {
			isa = PBXGroup;
			children = (
				34F34F221504CFF600DC2735 /* AddressFormView.h */,
				34F34F231504CFF600DC2735 /* AddressFormView.m */,
			);
			name = AddressFormView;
			sourceTree = "<group>";
		};
/* End PBXGroup section */

/* Begin PBXNativeTarget section */
		34F34EE21504C8E900DC2735 /* OrdrinDemoApp */ = {
			isa = PBXNativeTarget;
			buildConfigurationList = 34F34EFB1504C8E900DC2735 /* Build configuration list for PBXNativeTarget "OrdrinDemoApp" */;
			buildPhases = (
				34F34EDF1504C8E900DC2735 /* Sources */,
				34F34EE01504C8E900DC2735 /* Frameworks */,
				34F34EE11504C8E900DC2735 /* Resources */,
			);
			buildRules = (
			);
			dependencies = (
			);
			name = OrdrinDemoApp;
			productName = OrdrinDemoApp;
			productReference = 34F34EE31504C8E900DC2735 /* OrdrinDemoApp.app */;
			productType = "com.apple.product-type.application";
		};
/* End PBXNativeTarget section */

/* Begin PBXProject section */
		34F34EDA1504C8E900DC2735 /* Project object */ = {
			isa = PBXProject;
			attributes = {
				LastUpgradeCheck = 0430;
			};
			buildConfigurationList = 34F34EDD1504C8E900DC2735 /* Build configuration list for PBXProject "OrdrinDemoApp" */;
			compatibilityVersion = "Xcode 3.2";
			developmentRegion = English;
			hasScannedForEncodings = 0;
			knownRegions = (
				en,
			);
			mainGroup = 34F34ED81504C8E900DC2735;
			productRefGroup = 34F34EE41504C8E900DC2735 /* Products */;
			projectDirPath = "";
			projectRoot = "";
			targets = (
				34F34EE21504C8E900DC2735 /* OrdrinDemoApp */,
			);
		};
/* End PBXProject section */

/* Begin PBXResourcesBuildPhase section */
		34F34EE11504C8E900DC2735 /* Resources */ = {
			isa = PBXResourcesBuildPhase;
			buildActionMask = 2147483647;
			files = (
				34F34EF21504C8E900DC2735 /* InfoPlist.strings in Resources */,
			);
			runOnlyForDeploymentPostprocessing = 0;
		};
/* End PBXResourcesBuildPhase section */

/* Begin PBXSourcesBuildPhase section */
		34F34EDF1504C8E900DC2735 /* Sources */ = {
			isa = PBXSourcesBuildPhase;
			buildActionMask = 2147483647;
			files = (
				34F34EF41504C8E900DC2735 /* main.m in Sources */,
				34F34EF81504C8E900DC2735 /* AppDelegate.m in Sources */,
				34F34F201504CE4900DC2735 /* AddressFormViewController.m in Sources */,
				34F34F241504CFF600DC2735 /* AddressFormView.m in Sources */,
				34E9E6681505EF9300D502A6 /* RestaurantListViewController.m in Sources */,
				34E9E66C1505F07800D502A6 /* RestaurantListView.m in Sources */,
				341EF2AE1505F6C2003C0C17 /* RestaurantListDataSource.m in Sources */,
				341EF2B21505F87A003C0C17 /* RestaurantListModel.m in Sources */,
				341EF2B61506187B003C0C17 /* RestaurantDetailViewController.m in Sources */,
				341EF2BA150620D7003C0C17 /* RestaurantDetailView.m in Sources */,
				341EF2BE15062325003C0C17 /* RestaurantDetailDataSource.m in Sources */,
				341EF2C215063F3B003C0C17 /* AccountViewController.m in Sources */,
				341EF2C7150640CC003C0C17 /* AccountView.m in Sources */,
				341EF2CC15064DD3003C0C17 /* LoginView.m in Sources */,
				346DDC2A1506863F0050FBC7 /* CreateAccountView.m in Sources */,
				34E3E24D1507411600DE69F3 /* UserMenuViewController.m in Sources */,
				34E3E2511507535800DE69F3 /* UserMenuView.m in Sources */,
				34E3E25515075F5D00DE69F3 /* AccountInfoViewController.m in Sources */,
				34E3E259150761BE00DE69F3 /* AccountInfoView.m in Sources */,
				34E3E25D1507646C00DE69F3 /* AccountInfoDataSource.m in Sources */,
				34E3E26115076A9200DE69F3 /* UserAddressesViewController.m in Sources */,
				34E3E26515076C6200DE69F3 /* UserAddressesView.m in Sources */,
				34E3E26915076F3500DE69F3 /* UserAddressesDataSource.m in Sources */,
				34E3E26D150774EB00DE69F3 /* UserCreditCardsViewController.m in Sources */,
				34E3E2711507781200DE69F3 /* UserCreditCardsView.m in Sources */,
				34E3E27515077D6100DE69F3 /* UserCreditCardsDataSource.m in Sources */,
				34E3E279150790FA00DE69F3 /* AddCreditCardViewController.m in Sources */,
				34E3E27D1507992200DE69F3 /* AddCreditCardView.m in Sources */,
			);
			runOnlyForDeploymentPostprocessing = 0;
		};
/* End PBXSourcesBuildPhase section */

/* Begin PBXVariantGroup section */
		34F34EF01504C8E900DC2735 /* InfoPlist.strings */ = {
			isa = PBXVariantGroup;
			children = (
				34F34EF11504C8E900DC2735 /* en */,
			);
			name = InfoPlist.strings;
			sourceTree = "<group>";
		};
/* End PBXVariantGroup section */

/* Begin XCBuildConfiguration section */
		34F34EF91504C8E900DC2735 /* Debug */ = {
			isa = XCBuildConfiguration;
			buildSettings = {
				ALWAYS_SEARCH_USER_PATHS = NO;
				ARCHS = "$(ARCHS_STANDARD_32_BIT)";
				"CODE_SIGN_IDENTITY[sdk=iphoneos*]" = "iPhone Developer";
				COPY_PHASE_STRIP = NO;
				GCC_C_LANGUAGE_STANDARD = gnu99;
				GCC_DYNAMIC_NO_PIC = NO;
				GCC_OPTIMIZATION_LEVEL = 0;
				GCC_PREPROCESSOR_DEFINITIONS = (
					"DEBUG=1",
					"$(inherited)",
				);
				GCC_SYMBOLS_PRIVATE_EXTERN = NO;
				GCC_VERSION = com.apple.compilers.llvm.clang.1_0;
				GCC_WARN_ABOUT_RETURN_TYPE = YES;
				GCC_WARN_UNINITIALIZED_AUTOS = YES;
				GCC_WARN_UNUSED_VARIABLE = YES;
				HEADER_SEARCH_PATHS = ../../Source/libOrdrin/Ordrin;
				IPHONEOS_DEPLOYMENT_TARGET = 5.0;
				SDKROOT = iphoneos;
				TARGETED_DEVICE_FAMILY = "1,2";
			};
			name = Debug;
		};
		34F34EFA1504C8E900DC2735 /* Release */ = {
			isa = XCBuildConfiguration;
			buildSettings = {
				ALWAYS_SEARCH_USER_PATHS = NO;
				ARCHS = "$(ARCHS_STANDARD_32_BIT)";
				"CODE_SIGN_IDENTITY[sdk=iphoneos*]" = "iPhone Developer";
				COPY_PHASE_STRIP = YES;
				GCC_C_LANGUAGE_STANDARD = gnu99;
				GCC_VERSION = com.apple.compilers.llvm.clang.1_0;
				GCC_WARN_ABOUT_RETURN_TYPE = YES;
				GCC_WARN_UNINITIALIZED_AUTOS = YES;
				GCC_WARN_UNUSED_VARIABLE = YES;
				HEADER_SEARCH_PATHS = ../../Source/libOrdrin/Ordrin;
				IPHONEOS_DEPLOYMENT_TARGET = 5.0;
				OTHER_CFLAGS = "-DNS_BLOCK_ASSERTIONS=1";
				SDKROOT = iphoneos;
				TARGETED_DEVICE_FAMILY = "1,2";
				VALIDATE_PRODUCT = YES;
			};
			name = Release;
		};
		34F34EFC1504C8E900DC2735 /* Debug */ = {
			isa = XCBuildConfiguration;
			buildSettings = {
				GCC_PRECOMPILE_PREFIX_HEADER = YES;
				GCC_PREFIX_HEADER = "OrdrinDemoApp/OrdrinDemoApp-Prefix.pch";
				HEADER_SEARCH_PATHS = ../../Source/libOrdrin/Ordrin;
				INFOPLIST_FILE = "OrdrinDemoApp/OrdrinDemoApp-Info.plist";
				LIBRARY_SEARCH_PATHS = "";
				OTHER_LDFLAGS = "-ObjC";
				PRODUCT_NAME = "$(TARGET_NAME)";
				WRAPPER_EXTENSION = app;
			};
			name = Debug;
		};
		34F34EFD1504C8E900DC2735 /* Release */ = {
			isa = XCBuildConfiguration;
			buildSettings = {
				GCC_PRECOMPILE_PREFIX_HEADER = YES;
				GCC_PREFIX_HEADER = "OrdrinDemoApp/OrdrinDemoApp-Prefix.pch";
				HEADER_SEARCH_PATHS = ../../Source/libOrdrin/Ordrin;
				INFOPLIST_FILE = "OrdrinDemoApp/OrdrinDemoApp-Info.plist";
				LIBRARY_SEARCH_PATHS = "";
				OTHER_LDFLAGS = "-ObjC";
				PRODUCT_NAME = "$(TARGET_NAME)";
				WRAPPER_EXTENSION = app;
			};
			name = Release;
		};
/* End XCBuildConfiguration section */

/* Begin XCConfigurationList section */
		34F34EDD1504C8E900DC2735 /* Build configuration list for PBXProject "OrdrinDemoApp" */ = {
			isa = XCConfigurationList;
			buildConfigurations = (
				34F34EF91504C8E900DC2735 /* Debug */,
				34F34EFA1504C8E900DC2735 /* Release */,
			);
			defaultConfigurationIsVisible = 0;
			defaultConfigurationName = Release;
		};
		34F34EFB1504C8E900DC2735 /* Build configuration list for PBXNativeTarget "OrdrinDemoApp" */ = {
			isa = XCConfigurationList;
			buildConfigurations = (
				34F34EFC1504C8E900DC2735 /* Debug */,
				34F34EFD1504C8E900DC2735 /* Release */,
			);
			defaultConfigurationIsVisible = 0;
			defaultConfigurationName = Release;
		};
/* End XCConfigurationList section */
	};
	rootObject = 34F34EDA1504C8E900DC2735 /* Project object */;
}
