// !$*UTF8*$!
{
	archiveVersion = 1;
	classes = {
	};
	objectVersion = 46;
	objects = {

/* Begin PBXBuildFile section */
		0BE7AF0414D7DA0C00286B24 /* AFHTTPClient.h in Headers */ = {isa = PBXBuildFile; fileRef = 0BE7AEEF14D7DA0C00286B24 /* AFHTTPClient.h */; };
		0BE7AF0514D7DA0C00286B24 /* AFHTTPClient.m in Sources */ = {isa = PBXBuildFile; fileRef = 0BE7AEF014D7DA0C00286B24 /* AFHTTPClient.m */; };
		0BE7AF0614D7DA0C00286B24 /* AFHTTPRequestOperation.h in Headers */ = {isa = PBXBuildFile; fileRef = 0BE7AEF114D7DA0C00286B24 /* AFHTTPRequestOperation.h */; };
		0BE7AF0714D7DA0C00286B24 /* AFHTTPRequestOperation.m in Sources */ = {isa = PBXBuildFile; fileRef = 0BE7AEF214D7DA0C00286B24 /* AFHTTPRequestOperation.m */; };
		0BE7AF0814D7DA0C00286B24 /* AFImageRequestOperation.h in Headers */ = {isa = PBXBuildFile; fileRef = 0BE7AEF314D7DA0C00286B24 /* AFImageRequestOperation.h */; };
		0BE7AF0914D7DA0C00286B24 /* AFImageRequestOperation.m in Sources */ = {isa = PBXBuildFile; fileRef = 0BE7AEF414D7DA0C00286B24 /* AFImageRequestOperation.m */; };
		0BE7AF0A14D7DA0C00286B24 /* AFJSONRequestOperation.h in Headers */ = {isa = PBXBuildFile; fileRef = 0BE7AEF514D7DA0C00286B24 /* AFJSONRequestOperation.h */; };
		0BE7AF0B14D7DA0C00286B24 /* AFJSONRequestOperation.m in Sources */ = {isa = PBXBuildFile; fileRef = 0BE7AEF614D7DA0C00286B24 /* AFJSONRequestOperation.m */; };
		0BE7AF0C14D7DA0C00286B24 /* AFJSONUtilities.h in Headers */ = {isa = PBXBuildFile; fileRef = 0BE7AEF714D7DA0C00286B24 /* AFJSONUtilities.h */; };
		0BE7AF0D14D7DA0C00286B24 /* AFJSONUtilities.m in Sources */ = {isa = PBXBuildFile; fileRef = 0BE7AEF814D7DA0C00286B24 /* AFJSONUtilities.m */; };
		0BE7AF0E14D7DA0C00286B24 /* AFNetworkActivityIndicatorManager.h in Headers */ = {isa = PBXBuildFile; fileRef = 0BE7AEF914D7DA0C00286B24 /* AFNetworkActivityIndicatorManager.h */; };
		0BE7AF0F14D7DA0C00286B24 /* AFNetworkActivityIndicatorManager.m in Sources */ = {isa = PBXBuildFile; fileRef = 0BE7AEFA14D7DA0C00286B24 /* AFNetworkActivityIndicatorManager.m */; };
		0BE7AF1014D7DA0C00286B24 /* AFNetworking.h in Headers */ = {isa = PBXBuildFile; fileRef = 0BE7AEFB14D7DA0C00286B24 /* AFNetworking.h */; };
		0BE7AF1114D7DA0C00286B24 /* AFPropertyListRequestOperation.h in Headers */ = {isa = PBXBuildFile; fileRef = 0BE7AEFC14D7DA0C00286B24 /* AFPropertyListRequestOperation.h */; };
		0BE7AF1214D7DA0C00286B24 /* AFPropertyListRequestOperation.m in Sources */ = {isa = PBXBuildFile; fileRef = 0BE7AEFD14D7DA0C00286B24 /* AFPropertyListRequestOperation.m */; };
		0BE7AF1314D7DA0C00286B24 /* AFURLConnectionOperation.h in Headers */ = {isa = PBXBuildFile; fileRef = 0BE7AEFE14D7DA0C00286B24 /* AFURLConnectionOperation.h */; };
		0BE7AF1414D7DA0C00286B24 /* AFURLConnectionOperation.m in Sources */ = {isa = PBXBuildFile; fileRef = 0BE7AEFF14D7DA0C00286B24 /* AFURLConnectionOperation.m */; };
		0BE7AF1514D7DA0C00286B24 /* AFXMLRequestOperation.h in Headers */ = {isa = PBXBuildFile; fileRef = 0BE7AF0014D7DA0C00286B24 /* AFXMLRequestOperation.h */; };
		0BE7AF1614D7DA0C00286B24 /* AFXMLRequestOperation.m in Sources */ = {isa = PBXBuildFile; fileRef = 0BE7AF0114D7DA0C00286B24 /* AFXMLRequestOperation.m */; };
		0BE7AF1714D7DA0C00286B24 /* UIImageView+AFNetworking.h in Headers */ = {isa = PBXBuildFile; fileRef = 0BE7AF0214D7DA0C00286B24 /* UIImageView+AFNetworking.h */; };
		0BE7AF1814D7DA0C00286B24 /* UIImageView+AFNetworking.m in Sources */ = {isa = PBXBuildFile; fileRef = 0BE7AF0314D7DA0C00286B24 /* UIImageView+AFNetworking.m */; };
		0BE7AF1C14D7DB4F00286B24 /* JSONKit.h in Headers */ = {isa = PBXBuildFile; fileRef = 0BE7AF1A14D7DB4F00286B24 /* JSONKit.h */; };
		0BE7AF1D14D7DB4F00286B24 /* JSONKit.m in Sources */ = {isa = PBXBuildFile; fileRef = 0BE7AF1B14D7DB4F00286B24 /* JSONKit.m */; };
		0BECC2C314C4910400763395 /* Foundation.framework in Frameworks */ = {isa = PBXBuildFile; fileRef = 0BECC2C214C4910400763395 /* Foundation.framework */; };
		0BECC2C914C4910400763395 /* Ordrin.m in Sources */ = {isa = PBXBuildFile; fileRef = 0BECC2C814C4910400763395 /* Ordrin.m */; };
/* End PBXBuildFile section */

/* Begin PBXFileReference section */
		0BE7AEEF14D7DA0C00286B24 /* AFHTTPClient.h */ = {isa = PBXFileReference; fileEncoding = 4; lastKnownFileType = sourcecode.c.h; name = AFHTTPClient.h; path = "Third Party/AFNetworking/AFNetworking/AFHTTPClient.h"; sourceTree = "<group>"; };
		0BE7AEF014D7DA0C00286B24 /* AFHTTPClient.m */ = {isa = PBXFileReference; fileEncoding = 4; lastKnownFileType = sourcecode.c.objc; name = AFHTTPClient.m; path = "Third Party/AFNetworking/AFNetworking/AFHTTPClient.m"; sourceTree = "<group>"; };
		0BE7AEF114D7DA0C00286B24 /* AFHTTPRequestOperation.h */ = {isa = PBXFileReference; fileEncoding = 4; lastKnownFileType = sourcecode.c.h; name = AFHTTPRequestOperation.h; path = "Third Party/AFNetworking/AFNetworking/AFHTTPRequestOperation.h"; sourceTree = "<group>"; };
		0BE7AEF214D7DA0C00286B24 /* AFHTTPRequestOperation.m */ = {isa = PBXFileReference; fileEncoding = 4; lastKnownFileType = sourcecode.c.objc; name = AFHTTPRequestOperation.m; path = "Third Party/AFNetworking/AFNetworking/AFHTTPRequestOperation.m"; sourceTree = "<group>"; };
		0BE7AEF314D7DA0C00286B24 /* AFImageRequestOperation.h */ = {isa = PBXFileReference; fileEncoding = 4; lastKnownFileType = sourcecode.c.h; name = AFImageRequestOperation.h; path = "Third Party/AFNetworking/AFNetworking/AFImageRequestOperation.h"; sourceTree = "<group>"; };
		0BE7AEF414D7DA0C00286B24 /* AFImageRequestOperation.m */ = {isa = PBXFileReference; fileEncoding = 4; lastKnownFileType = sourcecode.c.objc; name = AFImageRequestOperation.m; path = "Third Party/AFNetworking/AFNetworking/AFImageRequestOperation.m"; sourceTree = "<group>"; };
		0BE7AEF514D7DA0C00286B24 /* AFJSONRequestOperation.h */ = {isa = PBXFileReference; fileEncoding = 4; lastKnownFileType = sourcecode.c.h; name = AFJSONRequestOperation.h; path = "Third Party/AFNetworking/AFNetworking/AFJSONRequestOperation.h"; sourceTree = "<group>"; };
		0BE7AEF614D7DA0C00286B24 /* AFJSONRequestOperation.m */ = {isa = PBXFileReference; fileEncoding = 4; lastKnownFileType = sourcecode.c.objc; name = AFJSONRequestOperation.m; path = "Third Party/AFNetworking/AFNetworking/AFJSONRequestOperation.m"; sourceTree = "<group>"; };
		0BE7AEF714D7DA0C00286B24 /* AFJSONUtilities.h */ = {isa = PBXFileReference; fileEncoding = 4; lastKnownFileType = sourcecode.c.h; name = AFJSONUtilities.h; path = "Third Party/AFNetworking/AFNetworking/AFJSONUtilities.h"; sourceTree = "<group>"; };
		0BE7AEF814D7DA0C00286B24 /* AFJSONUtilities.m */ = {isa = PBXFileReference; fileEncoding = 4; lastKnownFileType = sourcecode.c.objc; name = AFJSONUtilities.m; path = "Third Party/AFNetworking/AFNetworking/AFJSONUtilities.m"; sourceTree = "<group>"; };
		0BE7AEF914D7DA0C00286B24 /* AFNetworkActivityIndicatorManager.h */ = {isa = PBXFileReference; fileEncoding = 4; lastKnownFileType = sourcecode.c.h; name = AFNetworkActivityIndicatorManager.h; path = "Third Party/AFNetworking/AFNetworking/AFNetworkActivityIndicatorManager.h"; sourceTree = "<group>"; };
		0BE7AEFA14D7DA0C00286B24 /* AFNetworkActivityIndicatorManager.m */ = {isa = PBXFileReference; fileEncoding = 4; lastKnownFileType = sourcecode.c.objc; name = AFNetworkActivityIndicatorManager.m; path = "Third Party/AFNetworking/AFNetworking/AFNetworkActivityIndicatorManager.m"; sourceTree = "<group>"; };
		0BE7AEFB14D7DA0C00286B24 /* AFNetworking.h */ = {isa = PBXFileReference; fileEncoding = 4; lastKnownFileType = sourcecode.c.h; name = AFNetworking.h; path = "Third Party/AFNetworking/AFNetworking/AFNetworking.h"; sourceTree = "<group>"; };
		0BE7AEFC14D7DA0C00286B24 /* AFPropertyListRequestOperation.h */ = {isa = PBXFileReference; fileEncoding = 4; lastKnownFileType = sourcecode.c.h; name = AFPropertyListRequestOperation.h; path = "Third Party/AFNetworking/AFNetworking/AFPropertyListRequestOperation.h"; sourceTree = "<group>"; };
		0BE7AEFD14D7DA0C00286B24 /* AFPropertyListRequestOperation.m */ = {isa = PBXFileReference; fileEncoding = 4; lastKnownFileType = sourcecode.c.objc; name = AFPropertyListRequestOperation.m; path = "Third Party/AFNetworking/AFNetworking/AFPropertyListRequestOperation.m"; sourceTree = "<group>"; };
		0BE7AEFE14D7DA0C00286B24 /* AFURLConnectionOperation.h */ = {isa = PBXFileReference; fileEncoding = 4; lastKnownFileType = sourcecode.c.h; name = AFURLConnectionOperation.h; path = "Third Party/AFNetworking/AFNetworking/AFURLConnectionOperation.h"; sourceTree = "<group>"; };
		0BE7AEFF14D7DA0C00286B24 /* AFURLConnectionOperation.m */ = {isa = PBXFileReference; fileEncoding = 4; lastKnownFileType = sourcecode.c.objc; name = AFURLConnectionOperation.m; path = "Third Party/AFNetworking/AFNetworking/AFURLConnectionOperation.m"; sourceTree = "<group>"; };
		0BE7AF0014D7DA0C00286B24 /* AFXMLRequestOperation.h */ = {isa = PBXFileReference; fileEncoding = 4; lastKnownFileType = sourcecode.c.h; name = AFXMLRequestOperation.h; path = "Third Party/AFNetworking/AFNetworking/AFXMLRequestOperation.h"; sourceTree = "<group>"; };
		0BE7AF0114D7DA0C00286B24 /* AFXMLRequestOperation.m */ = {isa = PBXFileReference; fileEncoding = 4; lastKnownFileType = sourcecode.c.objc; name = AFXMLRequestOperation.m; path = "Third Party/AFNetworking/AFNetworking/AFXMLRequestOperation.m"; sourceTree = "<group>"; };
		0BE7AF0214D7DA0C00286B24 /* UIImageView+AFNetworking.h */ = {isa = PBXFileReference; fileEncoding = 4; lastKnownFileType = sourcecode.c.h; name = "UIImageView+AFNetworking.h"; path = "Third Party/AFNetworking/AFNetworking/UIImageView+AFNetworking.h"; sourceTree = "<group>"; };
		0BE7AF0314D7DA0C00286B24 /* UIImageView+AFNetworking.m */ = {isa = PBXFileReference; fileEncoding = 4; lastKnownFileType = sourcecode.c.objc; name = "UIImageView+AFNetworking.m"; path = "Third Party/AFNetworking/AFNetworking/UIImageView+AFNetworking.m"; sourceTree = "<group>"; };
		0BE7AF1A14D7DB4F00286B24 /* JSONKit.h */ = {isa = PBXFileReference; fileEncoding = 4; lastKnownFileType = sourcecode.c.h; name = JSONKit.h; path = "Third Party/JSONKit/JSONKit.h"; sourceTree = "<group>"; };
		0BE7AF1B14D7DB4F00286B24 /* JSONKit.m */ = {isa = PBXFileReference; fileEncoding = 4; lastKnownFileType = sourcecode.c.objc; name = JSONKit.m; path = "Third Party/JSONKit/JSONKit.m"; sourceTree = "<group>"; };
		0BECC2BF14C4910400763395 /* libOrdrin.a */ = {isa = PBXFileReference; explicitFileType = archive.ar; includeInIndex = 0; path = libOrdrin.a; sourceTree = BUILT_PRODUCTS_DIR; };
		0BECC2C214C4910400763395 /* Foundation.framework */ = {isa = PBXFileReference; lastKnownFileType = wrapper.framework; name = Foundation.framework; path = System/Library/Frameworks/Foundation.framework; sourceTree = SDKROOT; };
		0BECC2C614C4910400763395 /* Ordrin-Prefix.pch */ = {isa = PBXFileReference; lastKnownFileType = sourcecode.c.h; path = "Ordrin-Prefix.pch"; sourceTree = "<group>"; };
		0BECC2C714C4910400763395 /* Ordrin.h */ = {isa = PBXFileReference; lastKnownFileType = sourcecode.c.h; path = Ordrin.h; sourceTree = "<group>"; };
		0BECC2C814C4910400763395 /* Ordrin.m */ = {isa = PBXFileReference; lastKnownFileType = sourcecode.c.objc; path = Ordrin.m; sourceTree = "<group>"; };
/* End PBXFileReference section */

/* Begin PBXFrameworksBuildPhase section */
		0BECC2BC14C4910400763395 /* Frameworks */ = {
			isa = PBXFrameworksBuildPhase;
			buildActionMask = 2147483647;
			files = (
				0BECC2C314C4910400763395 /* Foundation.framework in Frameworks */,
			);
			runOnlyForDeploymentPostprocessing = 0;
		};
/* End PBXFrameworksBuildPhase section */

/* Begin PBXGroup section */
		0BE7AEEC14D7D9DF00286B24 /* Third Party */ = {
			isa = PBXGroup;
			children = (
				0BE7AF1914D7DB4000286B24 /* JSONKit */,
				0BE7AEEE14D7D9EB00286B24 /* AFNetworking */,
			);
			name = "Third Party";
			sourceTree = "<group>";
		};
		0BE7AEEE14D7D9EB00286B24 /* AFNetworking */ = {
			isa = PBXGroup;
			children = (
				0BE7AEEF14D7DA0C00286B24 /* AFHTTPClient.h */,
				0BE7AEF014D7DA0C00286B24 /* AFHTTPClient.m */,
				0BE7AEF114D7DA0C00286B24 /* AFHTTPRequestOperation.h */,
				0BE7AEF214D7DA0C00286B24 /* AFHTTPRequestOperation.m */,
				0BE7AEF314D7DA0C00286B24 /* AFImageRequestOperation.h */,
				0BE7AEF414D7DA0C00286B24 /* AFImageRequestOperation.m */,
				0BE7AEF514D7DA0C00286B24 /* AFJSONRequestOperation.h */,
				0BE7AEF614D7DA0C00286B24 /* AFJSONRequestOperation.m */,
				0BE7AEF714D7DA0C00286B24 /* AFJSONUtilities.h */,
				0BE7AEF814D7DA0C00286B24 /* AFJSONUtilities.m */,
				0BE7AEF914D7DA0C00286B24 /* AFNetworkActivityIndicatorManager.h */,
				0BE7AEFA14D7DA0C00286B24 /* AFNetworkActivityIndicatorManager.m */,
				0BE7AEFB14D7DA0C00286B24 /* AFNetworking.h */,
				0BE7AEFC14D7DA0C00286B24 /* AFPropertyListRequestOperation.h */,
				0BE7AEFD14D7DA0C00286B24 /* AFPropertyListRequestOperation.m */,
				0BE7AEFE14D7DA0C00286B24 /* AFURLConnectionOperation.h */,
				0BE7AEFF14D7DA0C00286B24 /* AFURLConnectionOperation.m */,
				0BE7AF0014D7DA0C00286B24 /* AFXMLRequestOperation.h */,
				0BE7AF0114D7DA0C00286B24 /* AFXMLRequestOperation.m */,
				0BE7AF0214D7DA0C00286B24 /* UIImageView+AFNetworking.h */,
				0BE7AF0314D7DA0C00286B24 /* UIImageView+AFNetworking.m */,
			);
			name = AFNetworking;
			sourceTree = "<group>";
		};
		0BE7AF1914D7DB4000286B24 /* JSONKit */ = {
			isa = PBXGroup;
			children = (
				0BE7AF1A14D7DB4F00286B24 /* JSONKit.h */,
				0BE7AF1B14D7DB4F00286B24 /* JSONKit.m */,
			);
			name = JSONKit;
			sourceTree = "<group>";
		};
		0BECC2B414C4910400763395 = {
			isa = PBXGroup;
			children = (
				0BECC2C414C4910400763395 /* Ordrin */,
				0BECC2C114C4910400763395 /* Frameworks */,
				0BECC2C014C4910400763395 /* Products */,
			);
			sourceTree = "<group>";
		};
		0BECC2C014C4910400763395 /* Products */ = {
			isa = PBXGroup;
			children = (
				0BECC2BF14C4910400763395 /* libOrdrin.a */,
			);
			name = Products;
			sourceTree = "<group>";
		};
		0BECC2C114C4910400763395 /* Frameworks */ = {
			isa = PBXGroup;
			children = (
				0BECC2C214C4910400763395 /* Foundation.framework */,
			);
			name = Frameworks;
			sourceTree = "<group>";
		};
		0BECC2C414C4910400763395 /* Ordrin */ = {
			isa = PBXGroup;
			children = (
				0BECC2C714C4910400763395 /* Ordrin.h */,
				0BECC2C814C4910400763395 /* Ordrin.m */,
				0BE7AEEC14D7D9DF00286B24 /* Third Party */,
				0BECC2C514C4910400763395 /* Supporting Files */,
			);
			path = Ordrin;
			sourceTree = "<group>";
		};
		0BECC2C514C4910400763395 /* Supporting Files */ = {
			isa = PBXGroup;
			children = (
				0BECC2C614C4910400763395 /* Ordrin-Prefix.pch */,
			);
			name = "Supporting Files";
			sourceTree = "<group>";
		};
/* End PBXGroup section */

/* Begin PBXHeadersBuildPhase section */
		0BECC2BD14C4910400763395 /* Headers */ = {
			isa = PBXHeadersBuildPhase;
			buildActionMask = 2147483647;
			files = (
				0BE7AF0414D7DA0C00286B24 /* AFHTTPClient.h in Headers */,
				0BE7AF0614D7DA0C00286B24 /* AFHTTPRequestOperation.h in Headers */,
				0BE7AF0814D7DA0C00286B24 /* AFImageRequestOperation.h in Headers */,
				0BE7AF0A14D7DA0C00286B24 /* AFJSONRequestOperation.h in Headers */,
				0BE7AF0C14D7DA0C00286B24 /* AFJSONUtilities.h in Headers */,
				0BE7AF0E14D7DA0C00286B24 /* AFNetworkActivityIndicatorManager.h in Headers */,
				0BE7AF1014D7DA0C00286B24 /* AFNetworking.h in Headers */,
				0BE7AF1114D7DA0C00286B24 /* AFPropertyListRequestOperation.h in Headers */,
				0BE7AF1314D7DA0C00286B24 /* AFURLConnectionOperation.h in Headers */,
				0BE7AF1514D7DA0C00286B24 /* AFXMLRequestOperation.h in Headers */,
				0BE7AF1714D7DA0C00286B24 /* UIImageView+AFNetworking.h in Headers */,
				0BE7AF1C14D7DB4F00286B24 /* JSONKit.h in Headers */,
			);
			runOnlyForDeploymentPostprocessing = 0;
		};
/* End PBXHeadersBuildPhase section */

/* Begin PBXNativeTarget section */
		0BECC2BE14C4910400763395 /* Ordrin */ = {
			isa = PBXNativeTarget;
			buildConfigurationList = 0BECC2CC14C4910400763395 /* Build configuration list for PBXNativeTarget "Ordrin" */;
			buildPhases = (
				0BECC2BB14C4910400763395 /* Sources */,
				0BECC2BC14C4910400763395 /* Frameworks */,
				0BECC2BD14C4910400763395 /* Headers */,
			);
			buildRules = (
			);
			dependencies = (
			);
			name = Ordrin;
			productName = Ordrin;
			productReference = 0BECC2BF14C4910400763395 /* libOrdrin.a */;
			productType = "com.apple.product-type.library.static";
		};
/* End PBXNativeTarget section */

/* Begin PBXProject section */
		0BECC2B614C4910400763395 /* Project object */ = {
			isa = PBXProject;
			attributes = {
				LastUpgradeCheck = 0420;
				ORGANIZATIONNAME = tapmates;
			};
			buildConfigurationList = 0BECC2B914C4910400763395 /* Build configuration list for PBXProject "Ordrin" */;
			compatibilityVersion = "Xcode 3.2";
			developmentRegion = English;
			hasScannedForEncodings = 0;
			knownRegions = (
				en,
			);
			mainGroup = 0BECC2B414C4910400763395;
			productRefGroup = 0BECC2C014C4910400763395 /* Products */;
			projectDirPath = "";
			projectRoot = "";
			targets = (
				0BECC2BE14C4910400763395 /* Ordrin */,
			);
		};
/* End PBXProject section */

/* Begin PBXSourcesBuildPhase section */
		0BECC2BB14C4910400763395 /* Sources */ = {
			isa = PBXSourcesBuildPhase;
			buildActionMask = 2147483647;
			files = (
				0BECC2C914C4910400763395 /* Ordrin.m in Sources */,
				0BE7AF0514D7DA0C00286B24 /* AFHTTPClient.m in Sources */,
				0BE7AF0714D7DA0C00286B24 /* AFHTTPRequestOperation.m in Sources */,
				0BE7AF0914D7DA0C00286B24 /* AFImageRequestOperation.m in Sources */,
				0BE7AF0B14D7DA0C00286B24 /* AFJSONRequestOperation.m in Sources */,
				0BE7AF0D14D7DA0C00286B24 /* AFJSONUtilities.m in Sources */,
				0BE7AF0F14D7DA0C00286B24 /* AFNetworkActivityIndicatorManager.m in Sources */,
				0BE7AF1214D7DA0C00286B24 /* AFPropertyListRequestOperation.m in Sources */,
				0BE7AF1414D7DA0C00286B24 /* AFURLConnectionOperation.m in Sources */,
				0BE7AF1614D7DA0C00286B24 /* AFXMLRequestOperation.m in Sources */,
				0BE7AF1814D7DA0C00286B24 /* UIImageView+AFNetworking.m in Sources */,
				0BE7AF1D14D7DB4F00286B24 /* JSONKit.m in Sources */,
			);
			runOnlyForDeploymentPostprocessing = 0;
		};
/* End PBXSourcesBuildPhase section */

/* Begin XCBuildConfiguration section */
		0BECC2CA14C4910400763395 /* Debug */ = {
			isa = XCBuildConfiguration;
			buildSettings = {
				ALWAYS_SEARCH_USER_PATHS = NO;
				ARCHS = "$(ARCHS_STANDARD_32_BIT)";
				COPY_PHASE_STRIP = NO;
				GCC_C_LANGUAGE_STANDARD = gnu99;
				GCC_DYNAMIC_NO_PIC = NO;
				GCC_OPTIMIZATION_LEVEL = 0;
				GCC_PREPROCESSOR_DEFINITIONS = (
					"DEBUG=1",
					"$(inherited)",
				);
				GCC_SYMBOLS_PRIVATE_EXTERN = NO;
				GCC_VERSION = com.apple.compilers.llvm.clang.1_0;
				GCC_WARN_ABOUT_MISSING_PROTOTYPES = YES;
				GCC_WARN_ABOUT_RETURN_TYPE = YES;
				GCC_WARN_UNUSED_VARIABLE = YES;
				IPHONEOS_DEPLOYMENT_TARGET = 4.0;
				SDKROOT = iphoneos;
			};
			name = Debug;
		};
		0BECC2CB14C4910400763395 /* Release */ = {
			isa = XCBuildConfiguration;
			buildSettings = {
				ALWAYS_SEARCH_USER_PATHS = NO;
				ARCHS = "$(ARCHS_STANDARD_32_BIT)";
				COPY_PHASE_STRIP = YES;
				GCC_C_LANGUAGE_STANDARD = gnu99;
				GCC_VERSION = com.apple.compilers.llvm.clang.1_0;
				GCC_WARN_ABOUT_MISSING_PROTOTYPES = YES;
				GCC_WARN_ABOUT_RETURN_TYPE = YES;
				GCC_WARN_UNUSED_VARIABLE = YES;
				IPHONEOS_DEPLOYMENT_TARGET = 4.0;
				SDKROOT = iphoneos;
				VALIDATE_PRODUCT = YES;
			};
			name = Release;
		};
		0BECC2CD14C4910400763395 /* Debug */ = {
			isa = XCBuildConfiguration;
			buildSettings = {
				DSTROOT = /tmp/Ordrin.dst;
				GCC_PRECOMPILE_PREFIX_HEADER = YES;
				GCC_PREFIX_HEADER = "Ordrin/Ordrin-Prefix.pch";
				OTHER_LDFLAGS = "-ObjC";
				PRODUCT_NAME = "$(TARGET_NAME)";
				SKIP_INSTALL = YES;
			};
			name = Debug;
		};
		0BECC2CE14C4910400763395 /* Release */ = {
			isa = XCBuildConfiguration;
			buildSettings = {
				DSTROOT = /tmp/Ordrin.dst;
				GCC_PRECOMPILE_PREFIX_HEADER = YES;
				GCC_PREFIX_HEADER = "Ordrin/Ordrin-Prefix.pch";
				OTHER_LDFLAGS = "-ObjC";
				PRODUCT_NAME = "$(TARGET_NAME)";
				SKIP_INSTALL = YES;
			};
			name = Release;
		};
/* End XCBuildConfiguration section */

/* Begin XCConfigurationList section */
		0BECC2B914C4910400763395 /* Build configuration list for PBXProject "Ordrin" */ = {
			isa = XCConfigurationList;
			buildConfigurations = (
				0BECC2CA14C4910400763395 /* Debug */,
				0BECC2CB14C4910400763395 /* Release */,
			);
			defaultConfigurationIsVisible = 0;
			defaultConfigurationName = Release;
		};
		0BECC2CC14C4910400763395 /* Build configuration list for PBXNativeTarget "Ordrin" */ = {
			isa = XCConfigurationList;
			buildConfigurations = (
				0BECC2CD14C4910400763395 /* Debug */,
				0BECC2CE14C4910400763395 /* Release */,
			);
			defaultConfigurationIsVisible = 0;
			defaultConfigurationName = Release;
		};
/* End XCConfigurationList section */
	};
	rootObject = 0BECC2B614C4910400763395 /* Project object */;
}
