// !$*UTF8*$!
{
	archiveVersion = 1;
	classes = {
	};
	objectVersion = 46;
	objects = {

/* Begin PBXBuildFile section */
		0B6A05C814DBB97B00AC4699 /* NSString+OIURL.h in Headers */ = {isa = PBXBuildFile; fileRef = 0B6A05C614DBB97B00AC4699 /* NSString+OIURL.h */; };
		0B6A05C914DBB97B00AC4699 /* NSString+OIURL.m in Sources */ = {isa = PBXBuildFile; fileRef = 0B6A05C714DBB97B00AC4699 /* NSString+OIURL.m */; };
		0B7EE49C14E93B28002BCECC /* OIAPIGenericAuthenticator.h in Headers */ = {isa = PBXBuildFile; fileRef = 0B7EE49A14E93B28002BCECC /* OIAPIGenericAuthenticator.h */; };
		0B7EE49D14E93B28002BCECC /* OIAPIGenericAuthenticator.m in Sources */ = {isa = PBXBuildFile; fileRef = 0B7EE49B14E93B28002BCECC /* OIAPIGenericAuthenticator.m */; };
		0B7EE4A014E93EC5002BCECC /* OIAPIUserAuthenticator.h in Headers */ = {isa = PBXBuildFile; fileRef = 0B7EE49E14E93EC5002BCECC /* OIAPIUserAuthenticator.h */; };
		0B7EE4A114E93EC5002BCECC /* OIAPIUserAuthenticator.m in Sources */ = {isa = PBXBuildFile; fileRef = 0B7EE49F14E93EC5002BCECC /* OIAPIUserAuthenticator.m */; };
		0BA96D5A14D80D5800EFB4D9 /* Ordrin.h in Headers */ = {isa = PBXBuildFile; fileRef = 0BECC2C714C4910400763395 /* Ordrin.h */; settings = {ATTRIBUTES = (); }; };
		0BE14E7514E8D66D008422EE /* OIUser.h in Headers */ = {isa = PBXBuildFile; fileRef = 0BE14E7214E8D66D008422EE /* OIUser.h */; };
		0BE14E7614E8D66D008422EE /* OIUser.m in Sources */ = {isa = PBXBuildFile; fileRef = 0BE14E7314E8D66D008422EE /* OIUser.m */; };
		0BE14E7714E8D66D008422EE /* OIUsers.h in Headers */ = {isa = PBXBuildFile; fileRef = 0BE14E7414E8D66D008422EE /* OIUsers.h */; };
		0BE14E7C14E8D6A3008422EE /* OIOrder.h in Headers */ = {isa = PBXBuildFile; fileRef = 0BE14E7914E8D6A3008422EE /* OIOrder.h */; };
		0BE14E7D14E8D6A3008422EE /* OIOrder.m in Sources */ = {isa = PBXBuildFile; fileRef = 0BE14E7A14E8D6A3008422EE /* OIOrder.m */; };
		0BE14E7E14E8D6A3008422EE /* OIOrders.h in Headers */ = {isa = PBXBuildFile; fileRef = 0BE14E7B14E8D6A3008422EE /* OIOrders.h */; };
		0BE14E8414E8EF51008422EE /* OICardInfo.h in Headers */ = {isa = PBXBuildFile; fileRef = 0BE14E8214E8EF51008422EE /* OICardInfo.h */; };
		0BE14E8514E8EF51008422EE /* OICardInfo.m in Sources */ = {isa = PBXBuildFile; fileRef = 0BE14E8314E8EF51008422EE /* OICardInfo.m */; };
		0BE7AF1C14D7DB4F00286B24 /* JSONKit.h in Headers */ = {isa = PBXBuildFile; fileRef = 0BE7AF1A14D7DB4F00286B24 /* JSONKit.h */; };
		0BE7AF1D14D7DB4F00286B24 /* JSONKit.m in Sources */ = {isa = PBXBuildFile; fileRef = 0BE7AF1B14D7DB4F00286B24 /* JSONKit.m */; };
		0BECC2C314C4910400763395 /* Foundation.framework in Frameworks */ = {isa = PBXBuildFile; fileRef = 0BECC2C214C4910400763395 /* Foundation.framework */; };
		0BFF67C914D7EF21008E3160 /* ASIAuthenticationDialog.h in Headers */ = {isa = PBXBuildFile; fileRef = 0BFF67B514D7EF21008E3160 /* ASIAuthenticationDialog.h */; };
		0BFF67CA14D7EF21008E3160 /* ASIAuthenticationDialog.m in Sources */ = {isa = PBXBuildFile; fileRef = 0BFF67B614D7EF21008E3160 /* ASIAuthenticationDialog.m */; };
		0BFF67CB14D7EF21008E3160 /* ASICacheDelegate.h in Headers */ = {isa = PBXBuildFile; fileRef = 0BFF67B714D7EF21008E3160 /* ASICacheDelegate.h */; };
		0BFF67CC14D7EF21008E3160 /* ASIDataCompressor.h in Headers */ = {isa = PBXBuildFile; fileRef = 0BFF67B814D7EF21008E3160 /* ASIDataCompressor.h */; };
		0BFF67CD14D7EF21008E3160 /* ASIDataCompressor.m in Sources */ = {isa = PBXBuildFile; fileRef = 0BFF67B914D7EF21008E3160 /* ASIDataCompressor.m */; };
		0BFF67CE14D7EF21008E3160 /* ASIDataDecompressor.h in Headers */ = {isa = PBXBuildFile; fileRef = 0BFF67BA14D7EF21008E3160 /* ASIDataDecompressor.h */; };
		0BFF67CF14D7EF21008E3160 /* ASIDataDecompressor.m in Sources */ = {isa = PBXBuildFile; fileRef = 0BFF67BB14D7EF21008E3160 /* ASIDataDecompressor.m */; };
		0BFF67D014D7EF21008E3160 /* ASIDownloadCache.h in Headers */ = {isa = PBXBuildFile; fileRef = 0BFF67BC14D7EF21008E3160 /* ASIDownloadCache.h */; };
		0BFF67D114D7EF21008E3160 /* ASIDownloadCache.m in Sources */ = {isa = PBXBuildFile; fileRef = 0BFF67BD14D7EF21008E3160 /* ASIDownloadCache.m */; };
		0BFF67D214D7EF21008E3160 /* ASIFormDataRequest.h in Headers */ = {isa = PBXBuildFile; fileRef = 0BFF67BE14D7EF21008E3160 /* ASIFormDataRequest.h */; };
		0BFF67D314D7EF21008E3160 /* ASIFormDataRequest.m in Sources */ = {isa = PBXBuildFile; fileRef = 0BFF67BF14D7EF21008E3160 /* ASIFormDataRequest.m */; };
		0BFF67D414D7EF21008E3160 /* ASIHTTPRequest.h in Headers */ = {isa = PBXBuildFile; fileRef = 0BFF67C014D7EF21008E3160 /* ASIHTTPRequest.h */; };
		0BFF67D514D7EF21008E3160 /* ASIHTTPRequest.m in Sources */ = {isa = PBXBuildFile; fileRef = 0BFF67C114D7EF21008E3160 /* ASIHTTPRequest.m */; };
		0BFF67D614D7EF21008E3160 /* ASIHTTPRequestConfig.h in Headers */ = {isa = PBXBuildFile; fileRef = 0BFF67C214D7EF21008E3160 /* ASIHTTPRequestConfig.h */; };
		0BFF67D714D7EF21008E3160 /* ASIHTTPRequestDelegate.h in Headers */ = {isa = PBXBuildFile; fileRef = 0BFF67C314D7EF21008E3160 /* ASIHTTPRequestDelegate.h */; };
		0BFF67D814D7EF21008E3160 /* ASIInputStream.h in Headers */ = {isa = PBXBuildFile; fileRef = 0BFF67C414D7EF21008E3160 /* ASIInputStream.h */; };
		0BFF67D914D7EF21008E3160 /* ASIInputStream.m in Sources */ = {isa = PBXBuildFile; fileRef = 0BFF67C514D7EF21008E3160 /* ASIInputStream.m */; };
		0BFF67DA14D7EF21008E3160 /* ASINetworkQueue.h in Headers */ = {isa = PBXBuildFile; fileRef = 0BFF67C614D7EF21008E3160 /* ASINetworkQueue.h */; };
		0BFF67DB14D7EF21008E3160 /* ASINetworkQueue.m in Sources */ = {isa = PBXBuildFile; fileRef = 0BFF67C714D7EF21008E3160 /* ASINetworkQueue.m */; };
		0BFF67DC14D7EF21008E3160 /* ASIProgressDelegate.h in Headers */ = {isa = PBXBuildFile; fileRef = 0BFF67C814D7EF21008E3160 /* ASIProgressDelegate.h */; };
		0BFF67E014D7EF44008E3160 /* Reachability.h in Headers */ = {isa = PBXBuildFile; fileRef = 0BFF67DE14D7EF44008E3160 /* Reachability.h */; };
		0BFF67E114D7EF44008E3160 /* Reachability.m in Sources */ = {isa = PBXBuildFile; fileRef = 0BFF67DF14D7EF44008E3160 /* Reachability.m */; };
		0BFF67EF14D801D2008E3160 /* CFNetwork.framework in Frameworks */ = {isa = PBXBuildFile; fileRef = 0BFF67EE14D801D2008E3160 /* CFNetwork.framework */; };
		0BFF67F114D801E1008E3160 /* SystemConfiguration.framework in Frameworks */ = {isa = PBXBuildFile; fileRef = 0BFF67F014D801E1008E3160 /* SystemConfiguration.framework */; };
		0BFF67F314D801EB008E3160 /* MobileCoreServices.framework in Frameworks */ = {isa = PBXBuildFile; fileRef = 0BFF67F214D801EB008E3160 /* MobileCoreServices.framework */; };
		0BFF67F514D801F5008E3160 /* CoreGraphics.framework in Frameworks */ = {isa = PBXBuildFile; fileRef = 0BFF67F414D801F5008E3160 /* CoreGraphics.framework */; };
		0BFF67F714D801FE008E3160 /* libz.dylib in Frameworks */ = {isa = PBXBuildFile; fileRef = 0BFF67F614D801FE008E3160 /* libz.dylib */; };
		20411CDC14EB5D09002165A2 /* OIRDSInfo.h in Headers */ = {isa = PBXBuildFile; fileRef = 20411CDA14EB5D09002165A2 /* OIRDSInfo.h */; };
		20411CDD14EB5D09002165A2 /* OIRDSInfo.m in Sources */ = {isa = PBXBuildFile; fileRef = 20411CDB14EB5D09002165A2 /* OIRDSInfo.m */; };
		20EC88C714E9A91E00E7B991 /* OIMenuItem.h in Headers */ = {isa = PBXBuildFile; fileRef = 20EC88C514E9A91E00E7B991 /* OIMenuItem.h */; };
		20EC88C814E9A91E00E7B991 /* OIMenuItem.m in Sources */ = {isa = PBXBuildFile; fileRef = 20EC88C614E9A91E00E7B991 /* OIMenuItem.m */; };
		BECC2CE14C4910400763398 /* OICore.h in Headers */ = {isa = PBXBuildFile; fileRef = BECC2CE14C4910400763397 /* OICore.h */; };
		BECC2CE14C491040076339E /* OIDebuggingTools.h in Headers */ = {isa = PBXBuildFile; fileRef = BECC2CE14C491040076339D /* OIDebuggingTools.h */; };
		BECC2CE14C49104007633A0 /* OIDebuggingTools.m in Sources */ = {isa = PBXBuildFile; fileRef = BECC2CE14C491040076339F /* OIDebuggingTools.m */; };
		BECC2CE14C49104007633A3 /* OIRestaurants.h in Headers */ = {isa = PBXBuildFile; fileRef = BECC2CE14C49104007633A2 /* OIRestaurants.h */; };
		BECC2CE14C49104007633A5 /* OIRestaurant.m in Sources */ = {isa = PBXBuildFile; fileRef = BECC2CE14C49104007633A4 /* OIRestaurant.m */; };
		BECC2CE14C49104007633A7 /* OIRestaurant.h in Headers */ = {isa = PBXBuildFile; fileRef = BECC2CE14C49104007633A6 /* OIRestaurant.h */; };
		BECC2CE14C49104007633A9 /* OIAddress.m in Sources */ = {isa = PBXBuildFile; fileRef = BECC2CE14C49104007633A8 /* OIAddress.m */; };
		BECC2CE14C49104007633AB /* OIAddress.h in Headers */ = {isa = PBXBuildFile; fileRef = BECC2CE14C49104007633AA /* OIAddress.h */; };
		BECC2CE14C49104007633AD /* OIPreprocessor.h in Headers */ = {isa = PBXBuildFile; fileRef = BECC2CE14C49104007633AC /* OIPreprocessor.h */; };
		BECC2CE14C49104007633B0 /* OICommon.h in Headers */ = {isa = PBXBuildFile; fileRef = BECC2CE14C49104007633AF /* OICommon.h */; };
		BECC2CE14C49104007633B2 /* OIDateTime.m in Sources */ = {isa = PBXBuildFile; fileRef = BECC2CE14C49104007633B1 /* OIDateTime.m */; };
		BECC2CE14C49104007633B4 /* OIDateTime.h in Headers */ = {isa = PBXBuildFile; fileRef = BECC2CE14C49104007633B3 /* OIDateTime.h */; };
		BECC2CE14C49104007633BA /* OIAPIClient.m in Sources */ = {isa = PBXBuildFile; fileRef = BECC2CE14C49104007633B9 /* OIAPIClient.m */; };
		BECC2CE14C49104007633BC /* OIAPIClient.h in Headers */ = {isa = PBXBuildFile; fileRef = BECC2CE14C49104007633BB /* OIAPIClient.h */; };
		BECC2CE14C49104007633BF /* OIDelivery.m in Sources */ = {isa = PBXBuildFile; fileRef = BECC2CE14C49104007633BE /* OIDelivery.m */; };
		BECC2CE14C49104007633C1 /* OIDelivery.h in Headers */ = {isa = PBXBuildFile; fileRef = BECC2CE14C49104007633C0 /* OIDelivery.h */; };
/* End PBXBuildFile section */

/* Begin PBXFileReference section */
		0B6A05C614DBB97B00AC4699 /* NSString+OIURL.h */ = {isa = PBXFileReference; fileEncoding = 4; lastKnownFileType = sourcecode.c.h; path = "NSString+OIURL.h"; sourceTree = "<group>"; };
		0B6A05C714DBB97B00AC4699 /* NSString+OIURL.m */ = {isa = PBXFileReference; fileEncoding = 4; lastKnownFileType = sourcecode.c.objc; path = "NSString+OIURL.m"; sourceTree = "<group>"; };
		0B7EE49A14E93B28002BCECC /* OIAPIGenericAuthenticator.h */ = {isa = PBXFileReference; fileEncoding = 4; lastKnownFileType = sourcecode.c.h; path = OIAPIGenericAuthenticator.h; sourceTree = "<group>"; };
		0B7EE49B14E93B28002BCECC /* OIAPIGenericAuthenticator.m */ = {isa = PBXFileReference; fileEncoding = 4; lastKnownFileType = sourcecode.c.objc; path = OIAPIGenericAuthenticator.m; sourceTree = "<group>"; };
		0B7EE49E14E93EC5002BCECC /* OIAPIUserAuthenticator.h */ = {isa = PBXFileReference; fileEncoding = 4; lastKnownFileType = sourcecode.c.h; path = OIAPIUserAuthenticator.h; sourceTree = "<group>"; };
		0B7EE49F14E93EC5002BCECC /* OIAPIUserAuthenticator.m */ = {isa = PBXFileReference; fileEncoding = 4; lastKnownFileType = sourcecode.c.objc; path = OIAPIUserAuthenticator.m; sourceTree = "<group>"; };
		0BE14E7214E8D66D008422EE /* OIUser.h */ = {isa = PBXFileReference; fileEncoding = 4; lastKnownFileType = sourcecode.c.h; path = OIUser.h; sourceTree = "<group>"; };
		0BE14E7314E8D66D008422EE /* OIUser.m */ = {isa = PBXFileReference; fileEncoding = 4; lastKnownFileType = sourcecode.c.objc; path = OIUser.m; sourceTree = "<group>"; };
		0BE14E7414E8D66D008422EE /* OIUsers.h */ = {isa = PBXFileReference; fileEncoding = 4; lastKnownFileType = sourcecode.c.h; path = OIUsers.h; sourceTree = "<group>"; };
		0BE14E7914E8D6A3008422EE /* OIOrder.h */ = {isa = PBXFileReference; fileEncoding = 4; lastKnownFileType = sourcecode.c.h; path = OIOrder.h; sourceTree = "<group>"; };
		0BE14E7A14E8D6A3008422EE /* OIOrder.m */ = {isa = PBXFileReference; fileEncoding = 4; lastKnownFileType = sourcecode.c.objc; path = OIOrder.m; sourceTree = "<group>"; };
		0BE14E7B14E8D6A3008422EE /* OIOrders.h */ = {isa = PBXFileReference; fileEncoding = 4; lastKnownFileType = sourcecode.c.h; path = OIOrders.h; sourceTree = "<group>"; };
		0BE14E8214E8EF51008422EE /* OICardInfo.h */ = {isa = PBXFileReference; fileEncoding = 4; lastKnownFileType = sourcecode.c.h; path = OICardInfo.h; sourceTree = "<group>"; };
		0BE14E8314E8EF51008422EE /* OICardInfo.m */ = {isa = PBXFileReference; fileEncoding = 4; lastKnownFileType = sourcecode.c.objc; path = OICardInfo.m; sourceTree = "<group>"; };
		0BE7AF1A14D7DB4F00286B24 /* JSONKit.h */ = {isa = PBXFileReference; fileEncoding = 4; lastKnownFileType = sourcecode.c.h; name = JSONKit.h; path = "Third Party/JSONKit/JSONKit.h"; sourceTree = "<group>"; };
		0BE7AF1B14D7DB4F00286B24 /* JSONKit.m */ = {isa = PBXFileReference; fileEncoding = 4; lastKnownFileType = sourcecode.c.objc; name = JSONKit.m; path = "Third Party/JSONKit/JSONKit.m"; sourceTree = "<group>"; };
		0BECC2BF14C4910400763395 /* libOrdrin.a */ = {isa = PBXFileReference; explicitFileType = archive.ar; includeInIndex = 0; path = libOrdrin.a; sourceTree = BUILT_PRODUCTS_DIR; };
		0BECC2C214C4910400763395 /* Foundation.framework */ = {isa = PBXFileReference; lastKnownFileType = wrapper.framework; name = Foundation.framework; path = System/Library/Frameworks/Foundation.framework; sourceTree = SDKROOT; };
		0BECC2C614C4910400763395 /* Ordrin-Prefix.pch */ = {isa = PBXFileReference; lastKnownFileType = sourcecode.c.h; path = "Ordrin-Prefix.pch"; sourceTree = SOURCE_ROOT; };
		0BECC2C714C4910400763395 /* Ordrin.h */ = {isa = PBXFileReference; lastKnownFileType = sourcecode.c.h; path = Ordrin.h; sourceTree = "<group>"; };
		0BFF67B514D7EF21008E3160 /* ASIAuthenticationDialog.h */ = {isa = PBXFileReference; fileEncoding = 4; lastKnownFileType = sourcecode.c.h; name = ASIAuthenticationDialog.h; path = "Third Party/ASIHttpRequest/Classes/ASIAuthenticationDialog.h"; sourceTree = "<group>"; };
		0BFF67B614D7EF21008E3160 /* ASIAuthenticationDialog.m */ = {isa = PBXFileReference; fileEncoding = 4; lastKnownFileType = sourcecode.c.objc; name = ASIAuthenticationDialog.m; path = "Third Party/ASIHttpRequest/Classes/ASIAuthenticationDialog.m"; sourceTree = "<group>"; };
		0BFF67B714D7EF21008E3160 /* ASICacheDelegate.h */ = {isa = PBXFileReference; fileEncoding = 4; lastKnownFileType = sourcecode.c.h; name = ASICacheDelegate.h; path = "Third Party/ASIHttpRequest/Classes/ASICacheDelegate.h"; sourceTree = "<group>"; };
		0BFF67B814D7EF21008E3160 /* ASIDataCompressor.h */ = {isa = PBXFileReference; fileEncoding = 4; lastKnownFileType = sourcecode.c.h; name = ASIDataCompressor.h; path = "Third Party/ASIHttpRequest/Classes/ASIDataCompressor.h"; sourceTree = "<group>"; };
		0BFF67B914D7EF21008E3160 /* ASIDataCompressor.m */ = {isa = PBXFileReference; fileEncoding = 4; lastKnownFileType = sourcecode.c.objc; name = ASIDataCompressor.m; path = "Third Party/ASIHttpRequest/Classes/ASIDataCompressor.m"; sourceTree = "<group>"; };
		0BFF67BA14D7EF21008E3160 /* ASIDataDecompressor.h */ = {isa = PBXFileReference; fileEncoding = 4; lastKnownFileType = sourcecode.c.h; name = ASIDataDecompressor.h; path = "Third Party/ASIHttpRequest/Classes/ASIDataDecompressor.h"; sourceTree = "<group>"; };
		0BFF67BB14D7EF21008E3160 /* ASIDataDecompressor.m */ = {isa = PBXFileReference; fileEncoding = 4; lastKnownFileType = sourcecode.c.objc; name = ASIDataDecompressor.m; path = "Third Party/ASIHttpRequest/Classes/ASIDataDecompressor.m"; sourceTree = "<group>"; };
		0BFF67BC14D7EF21008E3160 /* ASIDownloadCache.h */ = {isa = PBXFileReference; fileEncoding = 4; lastKnownFileType = sourcecode.c.h; name = ASIDownloadCache.h; path = "Third Party/ASIHttpRequest/Classes/ASIDownloadCache.h"; sourceTree = "<group>"; };
		0BFF67BD14D7EF21008E3160 /* ASIDownloadCache.m */ = {isa = PBXFileReference; fileEncoding = 4; lastKnownFileType = sourcecode.c.objc; name = ASIDownloadCache.m; path = "Third Party/ASIHttpRequest/Classes/ASIDownloadCache.m"; sourceTree = "<group>"; };
		0BFF67BE14D7EF21008E3160 /* ASIFormDataRequest.h */ = {isa = PBXFileReference; fileEncoding = 4; lastKnownFileType = sourcecode.c.h; name = ASIFormDataRequest.h; path = "Third Party/ASIHttpRequest/Classes/ASIFormDataRequest.h"; sourceTree = "<group>"; };
		0BFF67BF14D7EF21008E3160 /* ASIFormDataRequest.m */ = {isa = PBXFileReference; fileEncoding = 4; lastKnownFileType = sourcecode.c.objc; name = ASIFormDataRequest.m; path = "Third Party/ASIHttpRequest/Classes/ASIFormDataRequest.m"; sourceTree = "<group>"; };
		0BFF67C014D7EF21008E3160 /* ASIHTTPRequest.h */ = {isa = PBXFileReference; fileEncoding = 4; lastKnownFileType = sourcecode.c.h; name = ASIHTTPRequest.h; path = "Third Party/ASIHttpRequest/Classes/ASIHTTPRequest.h"; sourceTree = "<group>"; };
		0BFF67C114D7EF21008E3160 /* ASIHTTPRequest.m */ = {isa = PBXFileReference; fileEncoding = 4; lastKnownFileType = sourcecode.c.objc; name = ASIHTTPRequest.m; path = "Third Party/ASIHttpRequest/Classes/ASIHTTPRequest.m"; sourceTree = "<group>"; };
		0BFF67C214D7EF21008E3160 /* ASIHTTPRequestConfig.h */ = {isa = PBXFileReference; fileEncoding = 4; lastKnownFileType = sourcecode.c.h; name = ASIHTTPRequestConfig.h; path = "Third Party/ASIHttpRequest/Classes/ASIHTTPRequestConfig.h"; sourceTree = "<group>"; };
		0BFF67C314D7EF21008E3160 /* ASIHTTPRequestDelegate.h */ = {isa = PBXFileReference; fileEncoding = 4; lastKnownFileType = sourcecode.c.h; name = ASIHTTPRequestDelegate.h; path = "Third Party/ASIHttpRequest/Classes/ASIHTTPRequestDelegate.h"; sourceTree = "<group>"; };
		0BFF67C414D7EF21008E3160 /* ASIInputStream.h */ = {isa = PBXFileReference; fileEncoding = 4; lastKnownFileType = sourcecode.c.h; name = ASIInputStream.h; path = "Third Party/ASIHttpRequest/Classes/ASIInputStream.h"; sourceTree = "<group>"; };
		0BFF67C514D7EF21008E3160 /* ASIInputStream.m */ = {isa = PBXFileReference; fileEncoding = 4; lastKnownFileType = sourcecode.c.objc; name = ASIInputStream.m; path = "Third Party/ASIHttpRequest/Classes/ASIInputStream.m"; sourceTree = "<group>"; };
		0BFF67C614D7EF21008E3160 /* ASINetworkQueue.h */ = {isa = PBXFileReference; fileEncoding = 4; lastKnownFileType = sourcecode.c.h; name = ASINetworkQueue.h; path = "Third Party/ASIHttpRequest/Classes/ASINetworkQueue.h"; sourceTree = "<group>"; };
		0BFF67C714D7EF21008E3160 /* ASINetworkQueue.m */ = {isa = PBXFileReference; fileEncoding = 4; lastKnownFileType = sourcecode.c.objc; name = ASINetworkQueue.m; path = "Third Party/ASIHttpRequest/Classes/ASINetworkQueue.m"; sourceTree = "<group>"; };
		0BFF67C814D7EF21008E3160 /* ASIProgressDelegate.h */ = {isa = PBXFileReference; fileEncoding = 4; lastKnownFileType = sourcecode.c.h; name = ASIProgressDelegate.h; path = "Third Party/ASIHttpRequest/Classes/ASIProgressDelegate.h"; sourceTree = "<group>"; };
		0BFF67DE14D7EF44008E3160 /* Reachability.h */ = {isa = PBXFileReference; fileEncoding = 4; lastKnownFileType = sourcecode.c.h; name = Reachability.h; path = "Third Party/ASIHttpRequest/External/Reachability/Reachability.h"; sourceTree = "<group>"; };
		0BFF67DF14D7EF44008E3160 /* Reachability.m */ = {isa = PBXFileReference; fileEncoding = 4; lastKnownFileType = sourcecode.c.objc; name = Reachability.m; path = "Third Party/ASIHttpRequest/External/Reachability/Reachability.m"; sourceTree = "<group>"; };
		0BFF67EE14D801D2008E3160 /* CFNetwork.framework */ = {isa = PBXFileReference; lastKnownFileType = wrapper.framework; name = CFNetwork.framework; path = System/Library/Frameworks/CFNetwork.framework; sourceTree = SDKROOT; };
		0BFF67F014D801E1008E3160 /* SystemConfiguration.framework */ = {isa = PBXFileReference; lastKnownFileType = wrapper.framework; name = SystemConfiguration.framework; path = System/Library/Frameworks/SystemConfiguration.framework; sourceTree = SDKROOT; };
		0BFF67F214D801EB008E3160 /* MobileCoreServices.framework */ = {isa = PBXFileReference; lastKnownFileType = wrapper.framework; name = MobileCoreServices.framework; path = System/Library/Frameworks/MobileCoreServices.framework; sourceTree = SDKROOT; };
		0BFF67F414D801F5008E3160 /* CoreGraphics.framework */ = {isa = PBXFileReference; lastKnownFileType = wrapper.framework; name = CoreGraphics.framework; path = System/Library/Frameworks/CoreGraphics.framework; sourceTree = SDKROOT; };
		0BFF67F614D801FE008E3160 /* libz.dylib */ = {isa = PBXFileReference; lastKnownFileType = "compiled.mach-o.dylib"; name = libz.dylib; path = usr/lib/libz.dylib; sourceTree = SDKROOT; };
		20411CDA14EB5D09002165A2 /* OIRDSInfo.h */ = {isa = PBXFileReference; fileEncoding = 4; lastKnownFileType = sourcecode.c.h; path = OIRDSInfo.h; sourceTree = "<group>"; };
		20411CDB14EB5D09002165A2 /* OIRDSInfo.m */ = {isa = PBXFileReference; fileEncoding = 4; lastKnownFileType = sourcecode.c.objc; path = OIRDSInfo.m; sourceTree = "<group>"; };
		20EC88C514E9A91E00E7B991 /* OIMenuItem.h */ = {isa = PBXFileReference; fileEncoding = 4; lastKnownFileType = sourcecode.c.h; path = OIMenuItem.h; sourceTree = "<group>"; };
		20EC88C614E9A91E00E7B991 /* OIMenuItem.m */ = {isa = PBXFileReference; fileEncoding = 4; lastKnownFileType = sourcecode.c.objc; path = OIMenuItem.m; sourceTree = "<group>"; };
		BECC2CE14C4910400763397 /* OICore.h */ = {isa = PBXFileReference; fileEncoding = 4; lastKnownFileType = sourcecode.c.h; path = OICore.h; sourceTree = "<group>"; };
		BECC2CE14C491040076339D /* OIDebuggingTools.h */ = {isa = PBXFileReference; fileEncoding = 4; lastKnownFileType = sourcecode.c.h; path = OIDebuggingTools.h; sourceTree = "<group>"; };
		BECC2CE14C491040076339F /* OIDebuggingTools.m */ = {isa = PBXFileReference; fileEncoding = 4; lastKnownFileType = sourcecode.c.objc; path = OIDebuggingTools.m; sourceTree = "<group>"; };
		BECC2CE14C49104007633A2 /* OIRestaurants.h */ = {isa = PBXFileReference; fileEncoding = 4; lastKnownFileType = sourcecode.c.h; path = OIRestaurants.h; sourceTree = "<group>"; };
		BECC2CE14C49104007633A4 /* OIRestaurant.m */ = {isa = PBXFileReference; fileEncoding = 4; lastKnownFileType = sourcecode.c.objc; path = OIRestaurant.m; sourceTree = "<group>"; };
		BECC2CE14C49104007633A6 /* OIRestaurant.h */ = {isa = PBXFileReference; fileEncoding = 4; lastKnownFileType = sourcecode.c.h; path = OIRestaurant.h; sourceTree = "<group>"; };
		BECC2CE14C49104007633A8 /* OIAddress.m */ = {isa = PBXFileReference; fileEncoding = 4; lastKnownFileType = sourcecode.c.objc; path = OIAddress.m; sourceTree = "<group>"; };
		BECC2CE14C49104007633AA /* OIAddress.h */ = {isa = PBXFileReference; fileEncoding = 4; lastKnownFileType = sourcecode.c.h; path = OIAddress.h; sourceTree = "<group>"; };
		BECC2CE14C49104007633AC /* OIPreprocessor.h */ = {isa = PBXFileReference; fileEncoding = 4; lastKnownFileType = sourcecode.c.h; path = OIPreprocessor.h; sourceTree = "<group>"; };
		BECC2CE14C49104007633AF /* OICommon.h */ = {isa = PBXFileReference; fileEncoding = 4; lastKnownFileType = sourcecode.c.h; path = OICommon.h; sourceTree = "<group>"; };
		BECC2CE14C49104007633B1 /* OIDateTime.m */ = {isa = PBXFileReference; fileEncoding = 4; lastKnownFileType = sourcecode.c.objc; path = OIDateTime.m; sourceTree = "<group>"; };
		BECC2CE14C49104007633B3 /* OIDateTime.h */ = {isa = PBXFileReference; fileEncoding = 4; lastKnownFileType = sourcecode.c.h; path = OIDateTime.h; sourceTree = "<group>"; };
		BECC2CE14C49104007633B9 /* OIAPIClient.m */ = {isa = PBXFileReference; fileEncoding = 4; lastKnownFileType = sourcecode.c.objc; path = OIAPIClient.m; sourceTree = "<group>"; };
		BECC2CE14C49104007633BB /* OIAPIClient.h */ = {isa = PBXFileReference; fileEncoding = 4; lastKnownFileType = sourcecode.c.h; path = OIAPIClient.h; sourceTree = "<group>"; };
		BECC2CE14C49104007633BD /* README.md */ = {isa = PBXFileReference; lastKnownFileType = file.md; name = README.md; path = ../../README.md; sourceTree = "<group>"; };
		BECC2CE14C49104007633BE /* OIDelivery.m */ = {isa = PBXFileReference; fileEncoding = 4; lastKnownFileType = sourcecode.c.objc; path = OIDelivery.m; sourceTree = "<group>"; };
		BECC2CE14C49104007633C0 /* OIDelivery.h */ = {isa = PBXFileReference; fileEncoding = 4; lastKnownFileType = sourcecode.c.h; path = OIDelivery.h; sourceTree = "<group>"; };
/* End PBXFileReference section */

/* Begin PBXFrameworksBuildPhase section */
		0BECC2BC14C4910400763395 /* Frameworks */ = {
			isa = PBXFrameworksBuildPhase;
			buildActionMask = 2147483647;
			files = (
				0BFF67F714D801FE008E3160 /* libz.dylib in Frameworks */,
				0BFF67F514D801F5008E3160 /* CoreGraphics.framework in Frameworks */,
				0BFF67F314D801EB008E3160 /* MobileCoreServices.framework in Frameworks */,
				0BFF67F114D801E1008E3160 /* SystemConfiguration.framework in Frameworks */,
				0BFF67EF14D801D2008E3160 /* CFNetwork.framework in Frameworks */,
				0BECC2C314C4910400763395 /* Foundation.framework in Frameworks */,
			);
			runOnlyForDeploymentPostprocessing = 0;
		};
/* End PBXFrameworksBuildPhase section */

/* Begin PBXGroup section */
		0BE14E7114E8D65B008422EE /* OIUsers */ = {
			isa = PBXGroup;
			children = (
				0BE14E7414E8D66D008422EE /* OIUsers.h */,
				0BE14E7214E8D66D008422EE /* OIUser.h */,
				0BE14E7314E8D66D008422EE /* OIUser.m */,
			);
			name = OIUsers;
			sourceTree = "<group>";
		};
		0BE14E7814E8D698008422EE /* OIOrders */ = {
			isa = PBXGroup;
			children = (
				0BE14E7B14E8D6A3008422EE /* OIOrders.h */,
				0BE14E7914E8D6A3008422EE /* OIOrder.h */,
				0BE14E7A14E8D6A3008422EE /* OIOrder.m */,
				0BE14E8214E8EF51008422EE /* OICardInfo.h */,
				0BE14E8314E8EF51008422EE /* OICardInfo.m */,
			);
			name = OIOrders;
			sourceTree = "<group>";
		};
		0BE7AEEC14D7D9DF00286B24 /* Third Party */ = {
			isa = PBXGroup;
			children = (
				0BFF67DD14D7EF32008E3160 /* Reachability */,
				0BFF67B414D7EED5008E3160 /* ASIHTTPRequest */,
				0BE7AF1914D7DB4000286B24 /* JSONKit */,
			);
			name = "Third Party";
			sourceTree = "<group>";
		};
		0BE7AF1914D7DB4000286B24 /* JSONKit */ = {
			isa = PBXGroup;
			children = (
				0BE7AF1A14D7DB4F00286B24 /* JSONKit.h */,
				0BE7AF1B14D7DB4F00286B24 /* JSONKit.m */,
			);
			name = JSONKit;
			sourceTree = "<group>";
		};
		0BECC2B414C4910400763395 = {
			isa = PBXGroup;
			children = (
				BECC2CE14C49104007633BD /* README.md */,
				0BECC2C414C4910400763395 /* Ordrin */,
				0BECC2C114C4910400763395 /* Frameworks */,
				0BECC2C014C4910400763395 /* Products */,
			);
			sourceTree = "<group>";
		};
		0BECC2C014C4910400763395 /* Products */ = {
			isa = PBXGroup;
			children = (
				0BECC2BF14C4910400763395 /* libOrdrin.a */,
			);
			name = Products;
			sourceTree = "<group>";
		};
		0BECC2C114C4910400763395 /* Frameworks */ = {
			isa = PBXGroup;
			children = (
				0BFF67F814D80204008E3160 /* Apple */,
			);
			name = Frameworks;
			sourceTree = "<group>";
		};
		0BECC2C414C4910400763395 /* Ordrin */ = {
			isa = PBXGroup;
			children = (
				0BECC2C614C4910400763395 /* Ordrin-Prefix.pch */,
				0BECC2C714C4910400763395 /* Ordrin.h */,
				BECC2CE14C4910400763396 /* OICore */,
				BECC2CE14C49104007633AE /* OICommon */,
				BECC2CE14C49104007633A1 /* OIRestaurants */,
				0BE14E7814E8D698008422EE /* OIOrders */,
				0BE14E7114E8D65B008422EE /* OIUsers */,
				0BE7AEEC14D7D9DF00286B24 /* Third Party */,
			);
			path = Ordrin;
			sourceTree = "<group>";
		};
		0BFF67B414D7EED5008E3160 /* ASIHTTPRequest */ = {
			isa = PBXGroup;
			children = (
				0BFF67B514D7EF21008E3160 /* ASIAuthenticationDialog.h */,
				0BFF67B614D7EF21008E3160 /* ASIAuthenticationDialog.m */,
				0BFF67B714D7EF21008E3160 /* ASICacheDelegate.h */,
				0BFF67B814D7EF21008E3160 /* ASIDataCompressor.h */,
				0BFF67B914D7EF21008E3160 /* ASIDataCompressor.m */,
				0BFF67BA14D7EF21008E3160 /* ASIDataDecompressor.h */,
				0BFF67BB14D7EF21008E3160 /* ASIDataDecompressor.m */,
				0BFF67BC14D7EF21008E3160 /* ASIDownloadCache.h */,
				0BFF67BD14D7EF21008E3160 /* ASIDownloadCache.m */,
				0BFF67BE14D7EF21008E3160 /* ASIFormDataRequest.h */,
				0BFF67BF14D7EF21008E3160 /* ASIFormDataRequest.m */,
				0BFF67C014D7EF21008E3160 /* ASIHTTPRequest.h */,
				0BFF67C114D7EF21008E3160 /* ASIHTTPRequest.m */,
				0BFF67C214D7EF21008E3160 /* ASIHTTPRequestConfig.h */,
				0BFF67C314D7EF21008E3160 /* ASIHTTPRequestDelegate.h */,
				0BFF67C414D7EF21008E3160 /* ASIInputStream.h */,
				0BFF67C514D7EF21008E3160 /* ASIInputStream.m */,
				0BFF67C614D7EF21008E3160 /* ASINetworkQueue.h */,
				0BFF67C714D7EF21008E3160 /* ASINetworkQueue.m */,
				0BFF67C814D7EF21008E3160 /* ASIProgressDelegate.h */,
			);
			name = ASIHTTPRequest;
			sourceTree = "<group>";
		};
		0BFF67DD14D7EF32008E3160 /* Reachability */ = {
			isa = PBXGroup;
			children = (
				0BFF67DE14D7EF44008E3160 /* Reachability.h */,
				0BFF67DF14D7EF44008E3160 /* Reachability.m */,
			);
			name = Reachability;
			sourceTree = "<group>";
		};
		0BFF67F814D80204008E3160 /* Apple */ = {
			isa = PBXGroup;
			children = (
				0BFF67F614D801FE008E3160 /* libz.dylib */,
				0BFF67F414D801F5008E3160 /* CoreGraphics.framework */,
				0BFF67F214D801EB008E3160 /* MobileCoreServices.framework */,
				0BFF67F014D801E1008E3160 /* SystemConfiguration.framework */,
				0BFF67EE14D801D2008E3160 /* CFNetwork.framework */,
				0BECC2C214C4910400763395 /* Foundation.framework */,
			);
			name = Apple;
			sourceTree = "<group>";
		};
		BECC2CE14C4910400763396 /* OICore */ = {
			isa = PBXGroup;
			children = (
				BECC2CE14C4910400763397 /* OICore.h */,
				BECC2CE14C49104007633BB /* OIAPIClient.h */,
				BECC2CE14C49104007633B9 /* OIAPIClient.m */,
				BECC2CE14C49104007633AC /* OIPreprocessor.h */,
				BECC2CE14C491040076339F /* OIDebuggingTools.m */,
				BECC2CE14C491040076339D /* OIDebuggingTools.h */,
				0B6A05C614DBB97B00AC4699 /* NSString+OIURL.h */,
				0B6A05C714DBB97B00AC4699 /* NSString+OIURL.m */,
				0B7EE49A14E93B28002BCECC /* OIAPIGenericAuthenticator.h */,
				0B7EE49B14E93B28002BCECC /* OIAPIGenericAuthenticator.m */,
				0B7EE49E14E93EC5002BCECC /* OIAPIUserAuthenticator.h */,
				0B7EE49F14E93EC5002BCECC /* OIAPIUserAuthenticator.m */,
			);
			name = OICore;
			sourceTree = "<group>";
		};
		BECC2CE14C49104007633A1 /* OIRestaurants */ = {
			isa = PBXGroup;
			children = (
				BECC2CE14C49104007633A2 /* OIRestaurants.h */,
				20EC88C514E9A91E00E7B991 /* OIMenuItem.h */,
				20EC88C614E9A91E00E7B991 /* OIMenuItem.m */,
				BECC2CE14C49104007633C0 /* OIDelivery.h */,
				BECC2CE14C49104007633BE /* OIDelivery.m */,
				BECC2CE14C49104007633A6 /* OIRestaurant.h */,
				BECC2CE14C49104007633A4 /* OIRestaurant.m */,
				20411CDA14EB5D09002165A2 /* OIRDSInfo.h */,
				20411CDB14EB5D09002165A2 /* OIRDSInfo.m */,
			);
			name = OIRestaurants;
			sourceTree = "<group>";
		};
		BECC2CE14C49104007633AE /* OICommon */ = {
			isa = PBXGroup;
			children = (
				BECC2CE14C49104007633AF /* OICommon.h */,
				BECC2CE14C49104007633A8 /* OIAddress.m */,
				BECC2CE14C49104007633AA /* OIAddress.h */,
				BECC2CE14C49104007633B3 /* OIDateTime.h */,
				BECC2CE14C49104007633B1 /* OIDateTime.m */,
			);
			name = OICommon;
			sourceTree = "<group>";
		};
/* End PBXGroup section */

/* Begin PBXHeadersBuildPhase section */
		0BECC2BD14C4910400763395 /* Headers */ = {
			isa = PBXHeadersBuildPhase;
			buildActionMask = 2147483647;
			files = (
				0BE7AF1C14D7DB4F00286B24 /* JSONKit.h in Headers */,
				BECC2CE14C4910400763398 /* OICore.h in Headers */,
				BECC2CE14C491040076339E /* OIDebuggingTools.h in Headers */,
				0BFF67C914D7EF21008E3160 /* ASIAuthenticationDialog.h in Headers */,
				0BFF67CB14D7EF21008E3160 /* ASICacheDelegate.h in Headers */,
				0BFF67CC14D7EF21008E3160 /* ASIDataCompressor.h in Headers */,
				0BFF67CE14D7EF21008E3160 /* ASIDataDecompressor.h in Headers */,
				0BFF67D014D7EF21008E3160 /* ASIDownloadCache.h in Headers */,
				0BFF67D214D7EF21008E3160 /* ASIFormDataRequest.h in Headers */,
				0BFF67D414D7EF21008E3160 /* ASIHTTPRequest.h in Headers */,
				0BFF67D614D7EF21008E3160 /* ASIHTTPRequestConfig.h in Headers */,
				0BFF67D714D7EF21008E3160 /* ASIHTTPRequestDelegate.h in Headers */,
				0BFF67D814D7EF21008E3160 /* ASIInputStream.h in Headers */,
				0BFF67DA14D7EF21008E3160 /* ASINetworkQueue.h in Headers */,
				0BFF67DC14D7EF21008E3160 /* ASIProgressDelegate.h in Headers */,
				0BFF67E014D7EF44008E3160 /* Reachability.h in Headers */,
				BECC2CE14C49104007633A3 /* OIRestaurants.h in Headers */,
				BECC2CE14C49104007633A7 /* OIRestaurant.h in Headers */,
				BECC2CE14C49104007633AB /* OIAddress.h in Headers */,
				BECC2CE14C49104007633AD /* OIPreprocessor.h in Headers */,
				BECC2CE14C49104007633B0 /* OICommon.h in Headers */,
				BECC2CE14C49104007633B4 /* OIDateTime.h in Headers */,
				0BA96D5A14D80D5800EFB4D9 /* Ordrin.h in Headers */,
				BECC2CE14C49104007633BC /* OIAPIClient.h in Headers */,
				0B6A05C814DBB97B00AC4699 /* NSString+OIURL.h in Headers */,
				BECC2CE14C49104007633C1 /* OIDelivery.h in Headers */,
				0BE14E7514E8D66D008422EE /* OIUser.h in Headers */,
				0BE14E7714E8D66D008422EE /* OIUsers.h in Headers */,
				0BE14E7C14E8D6A3008422EE /* OIOrder.h in Headers */,
				0BE14E7E14E8D6A3008422EE /* OIOrders.h in Headers */,
				0BE14E8414E8EF51008422EE /* OICardInfo.h in Headers */,
				0B7EE49C14E93B28002BCECC /* OIAPIGenericAuthenticator.h in Headers */,
				0B7EE4A014E93EC5002BCECC /* OIAPIUserAuthenticator.h in Headers */,
				20EC88C714E9A91E00E7B991 /* OIMenuItem.h in Headers */,
				20411CDC14EB5D09002165A2 /* OIRDSInfo.h in Headers */,
			);
			runOnlyForDeploymentPostprocessing = 0;
		};
/* End PBXHeadersBuildPhase section */

/* Begin PBXNativeTarget section */
		0BECC2BE14C4910400763395 /* Ordrin */ = {
			isa = PBXNativeTarget;
			buildConfigurationList = 0BECC2CC14C4910400763395 /* Build configuration list for PBXNativeTarget "Ordrin" */;
			buildPhases = (
				0BECC2BB14C4910400763395 /* Sources */,
				0BECC2BC14C4910400763395 /* Frameworks */,
				0BECC2BD14C4910400763395 /* Headers */,
			);
			buildRules = (
			);
			dependencies = (
			);
			name = Ordrin;
			productName = Ordrin;
			productReference = 0BECC2BF14C4910400763395 /* libOrdrin.a */;
			productType = "com.apple.product-type.library.static";
		};
/* End PBXNativeTarget section */

/* Begin PBXProject section */
		0BECC2B614C4910400763395 /* Project object */ = {
			isa = PBXProject;
			attributes = {
				LastUpgradeCheck = 0420;
				ORGANIZATIONNAME = tapmates;
			};
			buildConfigurationList = 0BECC2B914C4910400763395 /* Build configuration list for PBXProject "Ordrin" */;
			compatibilityVersion = "Xcode 3.2";
			developmentRegion = English;
			hasScannedForEncodings = 0;
			knownRegions = (
				en,
			);
			mainGroup = 0BECC2B414C4910400763395;
			productRefGroup = 0BECC2C014C4910400763395 /* Products */;
			projectDirPath = "";
			projectRoot = "";
			targets = (
				0BECC2BE14C4910400763395 /* Ordrin */,
			);
		};
/* End PBXProject section */

/* Begin PBXSourcesBuildPhase section */
		0BECC2BB14C4910400763395 /* Sources */ = {
			isa = PBXSourcesBuildPhase;
			buildActionMask = 2147483647;
			files = (
				0BE7AF1D14D7DB4F00286B24 /* JSONKit.m in Sources */,
				BECC2CE14C49104007633A0 /* OIDebuggingTools.m in Sources */,
				0BFF67CA14D7EF21008E3160 /* ASIAuthenticationDialog.m in Sources */,
				0BFF67CD14D7EF21008E3160 /* ASIDataCompressor.m in Sources */,
				0BFF67CF14D7EF21008E3160 /* ASIDataDecompressor.m in Sources */,
				0BFF67D114D7EF21008E3160 /* ASIDownloadCache.m in Sources */,
				0BFF67D314D7EF21008E3160 /* ASIFormDataRequest.m in Sources */,
				0BFF67D514D7EF21008E3160 /* ASIHTTPRequest.m in Sources */,
				0BFF67D914D7EF21008E3160 /* ASIInputStream.m in Sources */,
				0BFF67DB14D7EF21008E3160 /* ASINetworkQueue.m in Sources */,
				0BFF67E114D7EF44008E3160 /* Reachability.m in Sources */,
				BECC2CE14C49104007633A5 /* OIRestaurant.m in Sources */,
				BECC2CE14C49104007633A9 /* OIAddress.m in Sources */,
				BECC2CE14C49104007633B2 /* OIDateTime.m in Sources */,
				BECC2CE14C49104007633BA /* OIAPIClient.m in Sources */,
				0B6A05C914DBB97B00AC4699 /* NSString+OIURL.m in Sources */,
				BECC2CE14C49104007633BF /* OIDelivery.m in Sources */,
				0BE14E7614E8D66D008422EE /* OIUser.m in Sources */,
				0BE14E7D14E8D6A3008422EE /* OIOrder.m in Sources */,
				0BE14E8514E8EF51008422EE /* OICardInfo.m in Sources */,
				0B7EE49D14E93B28002BCECC /* OIAPIGenericAuthenticator.m in Sources */,
				0B7EE4A114E93EC5002BCECC /* OIAPIUserAuthenticator.m in Sources */,
				20EC88C814E9A91E00E7B991 /* OIMenuItem.m in Sources */,
				20411CDD14EB5D09002165A2 /* OIRDSInfo.m in Sources */,
			);
			runOnlyForDeploymentPostprocessing = 0;
		};
/* End PBXSourcesBuildPhase section */

/* Begin XCBuildConfiguration section */
		0BECC2CA14C4910400763395 /* Debug */ = {
			isa = XCBuildConfiguration;
			buildSettings = {
				ALWAYS_SEARCH_USER_PATHS = NO;
				ARCHS = "$(ARCHS_STANDARD_32_BIT)";
				COPY_PHASE_STRIP = NO;
				GCC_C_LANGUAGE_STANDARD = gnu99;
				GCC_DYNAMIC_NO_PIC = NO;
				GCC_OPTIMIZATION_LEVEL = 0;
				GCC_PREPROCESSOR_DEFINITIONS = (
					"DEBUG=1",
					"$(inherited)",
				);
				GCC_SYMBOLS_PRIVATE_EXTERN = NO;
				GCC_VERSION = com.apple.compilers.llvm.clang.1_0;
				GCC_WARN_ABOUT_MISSING_PROTOTYPES = YES;
				GCC_WARN_ABOUT_RETURN_TYPE = YES;
				GCC_WARN_UNUSED_VARIABLE = YES;
				HEADER_SEARCH_PATHS = "";
				IPHONEOS_DEPLOYMENT_TARGET = 4.0;
				SDKROOT = iphoneos;
			};
			name = Debug;
		};
		0BECC2CB14C4910400763395 /* Release */ = {
			isa = XCBuildConfiguration;
			buildSettings = {
				ALWAYS_SEARCH_USER_PATHS = NO;
				ARCHS = "$(ARCHS_STANDARD_32_BIT)";
				COPY_PHASE_STRIP = YES;
				GCC_C_LANGUAGE_STANDARD = gnu99;
				GCC_VERSION = com.apple.compilers.llvm.clang.1_0;
				GCC_WARN_ABOUT_MISSING_PROTOTYPES = YES;
				GCC_WARN_ABOUT_RETURN_TYPE = YES;
				GCC_WARN_UNUSED_VARIABLE = YES;
				HEADER_SEARCH_PATHS = "";
				IPHONEOS_DEPLOYMENT_TARGET = 4.0;
				SDKROOT = iphoneos;
				VALIDATE_PRODUCT = YES;
			};
			name = Release;
		};
		0BECC2CD14C4910400763395 /* Debug */ = {
			isa = XCBuildConfiguration;
			buildSettings = {
				DSTROOT = /tmp/Ordrin.dst;
				GCC_PRECOMPILE_PREFIX_HEADER = YES;
				GCC_PREFIX_HEADER = "Ordrin-Prefix.pch";
				OTHER_LDFLAGS = "-ObjC";
				PRODUCT_NAME = "$(TARGET_NAME)";
				SKIP_INSTALL = YES;
			};
			name = Debug;
		};
		0BECC2CE14C4910400763395 /* Release */ = {
			isa = XCBuildConfiguration;
			buildSettings = {
				DSTROOT = /tmp/Ordrin.dst;
				GCC_PRECOMPILE_PREFIX_HEADER = YES;
				GCC_PREFIX_HEADER = "Ordrin-Prefix.pch";
				OTHER_LDFLAGS = "-ObjC";
				PRODUCT_NAME = "$(TARGET_NAME)";
				SKIP_INSTALL = YES;
			};
			name = Release;
		};
/* End XCBuildConfiguration section */

/* Begin XCConfigurationList section */
		0BECC2B914C4910400763395 /* Build configuration list for PBXProject "Ordrin" */ = {
			isa = XCConfigurationList;
			buildConfigurations = (
				0BECC2CA14C4910400763395 /* Debug */,
				0BECC2CB14C4910400763395 /* Release */,
			);
			defaultConfigurationIsVisible = 0;
			defaultConfigurationName = Release;
		};
		0BECC2CC14C4910400763395 /* Build configuration list for PBXNativeTarget "Ordrin" */ = {
			isa = XCConfigurationList;
			buildConfigurations = (
				0BECC2CD14C4910400763395 /* Debug */,
				0BECC2CE14C4910400763395 /* Release */,
			);
			defaultConfigurationIsVisible = 0;
			defaultConfigurationName = Release;
		};
/* End XCConfigurationList section */
	};
	rootObject = 0BECC2B614C4910400763395 /* Project object */;
}
