// !$*UTF8*$!
{
	archiveVersion = 1;
	classes = {
	};
	objectVersion = 46;
	objects = {

/* Begin PBXBuildFile section */
		0B4522EA14D80288004A063C /* libOrdrin.a in Frameworks */ = {isa = PBXBuildFile; fileRef = 0B4522E914D80288004A063C /* libOrdrin.a */; };
		0B5E065714D809700050DFE0 /* SystemConfiguration.framework in Frameworks */ = {isa = PBXBuildFile; fileRef = 0B5E065614D809700050DFE0 /* SystemConfiguration.framework */; };
		0BA96D7C14D811F500EFB4D9 /* CFNetwork.framework in Frameworks */ = {isa = PBXBuildFile; fileRef = 0BA96D7B14D811F500EFB4D9 /* CFNetwork.framework */; };
		0BA96D7F14D8120100EFB4D9 /* libz.dylib in Frameworks */ = {isa = PBXBuildFile; fileRef = 0BA96D7E14D8120100EFB4D9 /* libz.dylib */; };
		0BA96D8114D8121200EFB4D9 /* MobileCoreServices.framework in Frameworks */ = {isa = PBXBuildFile; fileRef = 0BA96D8014D8121200EFB4D9 /* MobileCoreServices.framework */; };
		0BD4922114C492F3000CD9F4 /* UIKit.framework in Frameworks */ = {isa = PBXBuildFile; fileRef = 0BD4922014C492F3000CD9F4 /* UIKit.framework */; };
		0BD4922314C492F3000CD9F4 /* Foundation.framework in Frameworks */ = {isa = PBXBuildFile; fileRef = 0BD4922214C492F3000CD9F4 /* Foundation.framework */; };
		0BD4922514C492F3000CD9F4 /* CoreGraphics.framework in Frameworks */ = {isa = PBXBuildFile; fileRef = 0BD4922414C492F3000CD9F4 /* CoreGraphics.framework */; };
		0BD4922B14C492F3000CD9F4 /* InfoPlist.strings in Resources */ = {isa = PBXBuildFile; fileRef = 0BD4922914C492F3000CD9F4 /* InfoPlist.strings */; };
		0BD4922D14C492F3000CD9F4 /* main.m in Sources */ = {isa = PBXBuildFile; fileRef = 0BD4922C14C492F3000CD9F4 /* main.m */; };
		0BD4923114C492F3000CD9F4 /* OIDemoAppDelegate.m in Sources */ = {isa = PBXBuildFile; fileRef = 0BD4923014C492F3000CD9F4 /* OIDemoAppDelegate.m */; };
		0BE14E6D14E8D648008422EE /* OIListViewController.m in Sources */ = {isa = PBXBuildFile; fileRef = 0BE14E6814E8D648008422EE /* OIListViewController.m */; };
		0BE14E6E14E8D648008422EE /* OIMenuViewController.m in Sources */ = {isa = PBXBuildFile; fileRef = 0BE14E6A14E8D648008422EE /* OIMenuViewController.m */; };
		0BE14E6F14E8D648008422EE /* OIOrderViewController.m in Sources */ = {isa = PBXBuildFile; fileRef = 0BE14E6C14E8D648008422EE /* OIOrderViewController.m */; };
		0BE14E8114E8D851008422EE /* OIUserViewController.m in Sources */ = {isa = PBXBuildFile; fileRef = 0BE14E8014E8D851008422EE /* OIUserViewController.m */; };
		20411CD914EB587E002165A2 /* OIUserLogInView.m in Sources */ = {isa = PBXBuildFile; fileRef = 20411CD814EB587E002165A2 /* OIUserLogInView.m */; };
		20411CE114EB5E1B002165A2 /* OINewUserView.m in Sources */ = {isa = PBXBuildFile; fileRef = 20411CE014EB5E1B002165A2 /* OINewUserView.m */; };
		20934B7B14EDDD180071F0A1 /* OIAccountNavigatorView.m in Sources */ = {isa = PBXBuildFile; fileRef = 20934B7A14EDDD170071F0A1 /* OIAccountNavigatorView.m */; };
		20D51AED14F4898E00F4E653 /* OIUserAccountSettingsViewController.m in Sources */ = {isa = PBXBuildFile; fileRef = 20D51AEC14F4898E00F4E653 /* OIUserAccountSettingsViewController.m */; };
		20D51AF014F48C8A00F4E653 /* OIUserAddressesViewController.m in Sources */ = {isa = PBXBuildFile; fileRef = 20D51AEF14F48C8A00F4E653 /* OIUserAddressesViewController.m */; };
		20D9E12914EC669600623E77 /* OIApplicationData.m in Sources */ = {isa = PBXBuildFile; fileRef = 20D9E12814EC669600623E77 /* OIApplicationData.m */; };
		20DDCDB114F5C6C50084C142 /* OIUserNewAddressViewController.m in Sources */ = {isa = PBXBuildFile; fileRef = 20DDCDB014F5C6C50084C142 /* OIUserNewAddressViewController.m */; };
		BD4923C14C492F3000CD9FA /* OIDeliveryCheckViewController.m in Sources */ = {isa = PBXBuildFile; fileRef = BD4923C14C492F3000CD9F9 /* OIDeliveryCheckViewController.m */; };
/* End PBXBuildFile section */

/* Begin PBXFileReference section */
		0B4522E914D80288004A063C /* libOrdrin.a */ = {isa = PBXFileReference; lastKnownFileType = archive.ar; name = libOrdrin.a; path = "../../Source/libOrdrin/build/Release-iphoneos/libOrdrin.a"; sourceTree = "<group>"; };
		0B5E065614D809700050DFE0 /* SystemConfiguration.framework */ = {isa = PBXFileReference; lastKnownFileType = wrapper.framework; name = SystemConfiguration.framework; path = System/Library/Frameworks/SystemConfiguration.framework; sourceTree = SDKROOT; };
		0BA96D7B14D811F500EFB4D9 /* CFNetwork.framework */ = {isa = PBXFileReference; lastKnownFileType = wrapper.framework; name = CFNetwork.framework; path = System/Library/Frameworks/CFNetwork.framework; sourceTree = SDKROOT; };
		0BA96D7E14D8120100EFB4D9 /* libz.dylib */ = {isa = PBXFileReference; lastKnownFileType = "compiled.mach-o.dylib"; name = libz.dylib; path = usr/lib/libz.dylib; sourceTree = SDKROOT; };
		0BA96D8014D8121200EFB4D9 /* MobileCoreServices.framework */ = {isa = PBXFileReference; lastKnownFileType = wrapper.framework; name = MobileCoreServices.framework; path = System/Library/Frameworks/MobileCoreServices.framework; sourceTree = SDKROOT; };
		0BD4921C14C492F3000CD9F4 /* DemoApp.app */ = {isa = PBXFileReference; explicitFileType = wrapper.application; includeInIndex = 0; path = DemoApp.app; sourceTree = BUILT_PRODUCTS_DIR; };
		0BD4922014C492F3000CD9F4 /* UIKit.framework */ = {isa = PBXFileReference; lastKnownFileType = wrapper.framework; name = UIKit.framework; path = System/Library/Frameworks/UIKit.framework; sourceTree = SDKROOT; };
		0BD4922214C492F3000CD9F4 /* Foundation.framework */ = {isa = PBXFileReference; lastKnownFileType = wrapper.framework; name = Foundation.framework; path = System/Library/Frameworks/Foundation.framework; sourceTree = SDKROOT; };
		0BD4922414C492F3000CD9F4 /* CoreGraphics.framework */ = {isa = PBXFileReference; lastKnownFileType = wrapper.framework; name = CoreGraphics.framework; path = System/Library/Frameworks/CoreGraphics.framework; sourceTree = SDKROOT; };
		0BD4922814C492F3000CD9F4 /* DemoApp-Info.plist */ = {isa = PBXFileReference; lastKnownFileType = text.plist.xml; path = "DemoApp-Info.plist"; sourceTree = "<group>"; };
		0BD4922A14C492F3000CD9F4 /* en */ = {isa = PBXFileReference; lastKnownFileType = text.plist.strings; name = en; path = en.lproj/InfoPlist.strings; sourceTree = "<group>"; };
		0BD4922C14C492F3000CD9F4 /* main.m */ = {isa = PBXFileReference; lastKnownFileType = sourcecode.c.objc; path = main.m; sourceTree = "<group>"; };
		0BD4922E14C492F3000CD9F4 /* DemoApp-Prefix.pch */ = {isa = PBXFileReference; lastKnownFileType = sourcecode.c.h; path = "DemoApp-Prefix.pch"; sourceTree = "<group>"; };
		0BD4922F14C492F3000CD9F4 /* OIDemoAppDelegate.h */ = {isa = PBXFileReference; lastKnownFileType = sourcecode.c.h; path = OIDemoAppDelegate.h; sourceTree = "<group>"; };
		0BD4923014C492F3000CD9F4 /* OIDemoAppDelegate.m */ = {isa = PBXFileReference; lastKnownFileType = sourcecode.c.objc; path = OIDemoAppDelegate.m; sourceTree = "<group>"; };
		0BE14E6714E8D648008422EE /* OIListViewController.h */ = {isa = PBXFileReference; fileEncoding = 4; lastKnownFileType = sourcecode.c.h; name = OIListViewController.h; path = Classes/OIListViewController.h; sourceTree = "<group>"; };
		0BE14E6814E8D648008422EE /* OIListViewController.m */ = {isa = PBXFileReference; fileEncoding = 4; lastKnownFileType = sourcecode.c.objc; name = OIListViewController.m; path = Classes/OIListViewController.m; sourceTree = "<group>"; };
		0BE14E6914E8D648008422EE /* OIMenuViewController.h */ = {isa = PBXFileReference; fileEncoding = 4; lastKnownFileType = sourcecode.c.h; name = OIMenuViewController.h; path = Classes/OIMenuViewController.h; sourceTree = "<group>"; };
		0BE14E6A14E8D648008422EE /* OIMenuViewController.m */ = {isa = PBXFileReference; fileEncoding = 4; lastKnownFileType = sourcecode.c.objc; name = OIMenuViewController.m; path = Classes/OIMenuViewController.m; sourceTree = "<group>"; };
		0BE14E6B14E8D648008422EE /* OIOrderViewController.h */ = {isa = PBXFileReference; fileEncoding = 4; lastKnownFileType = sourcecode.c.h; name = OIOrderViewController.h; path = Classes/OIOrderViewController.h; sourceTree = "<group>"; };
		0BE14E6C14E8D648008422EE /* OIOrderViewController.m */ = {isa = PBXFileReference; fileEncoding = 4; lastKnownFileType = sourcecode.c.objc; name = OIOrderViewController.m; path = Classes/OIOrderViewController.m; sourceTree = "<group>"; };
		0BE14E7F14E8D851008422EE /* OIUserViewController.h */ = {isa = PBXFileReference; fileEncoding = 4; lastKnownFileType = sourcecode.c.h; name = OIUserViewController.h; path = Classes/OIUserViewController.h; sourceTree = "<group>"; };
		0BE14E8014E8D851008422EE /* OIUserViewController.m */ = {isa = PBXFileReference; fileEncoding = 4; lastKnownFileType = sourcecode.c.objc; name = OIUserViewController.m; path = Classes/OIUserViewController.m; sourceTree = "<group>"; };
		20411CD714EB587E002165A2 /* OIUserLogInView.h */ = {isa = PBXFileReference; fileEncoding = 4; lastKnownFileType = sourcecode.c.h; name = OIUserLogInView.h; path = Classes/OIUserLogInView.h; sourceTree = "<group>"; };
		20411CD814EB587E002165A2 /* OIUserLogInView.m */ = {isa = PBXFileReference; fileEncoding = 4; lastKnownFileType = sourcecode.c.objc; name = OIUserLogInView.m; path = Classes/OIUserLogInView.m; sourceTree = "<group>"; };
		20411CDF14EB5E1B002165A2 /* OINewUserView.h */ = {isa = PBXFileReference; fileEncoding = 4; lastKnownFileType = sourcecode.c.h; name = OINewUserView.h; path = Classes/OINewUserView.h; sourceTree = "<group>"; };
		20411CE014EB5E1B002165A2 /* OINewUserView.m */ = {isa = PBXFileReference; fileEncoding = 4; lastKnownFileType = sourcecode.c.objc; name = OINewUserView.m; path = Classes/OINewUserView.m; sourceTree = "<group>"; };
		20934B7914EDDD170071F0A1 /* OIAccountNavigatorView.h */ = {isa = PBXFileReference; fileEncoding = 4; lastKnownFileType = sourcecode.c.h; path = OIAccountNavigatorView.h; sourceTree = "<group>"; };
		20934B7A14EDDD170071F0A1 /* OIAccountNavigatorView.m */ = {isa = PBXFileReference; fileEncoding = 4; lastKnownFileType = sourcecode.c.objc; path = OIAccountNavigatorView.m; sourceTree = "<group>"; };
		20D51AEB14F4898E00F4E653 /* OIUserAccountSettingsViewController.h */ = {isa = PBXFileReference; fileEncoding = 4; lastKnownFileType = sourcecode.c.h; name = OIUserAccountSettingsViewController.h; path = Classes/OIUserAccountSettingsViewController.h; sourceTree = "<group>"; };
		20D51AEC14F4898E00F4E653 /* OIUserAccountSettingsViewController.m */ = {isa = PBXFileReference; fileEncoding = 4; lastKnownFileType = sourcecode.c.objc; name = OIUserAccountSettingsViewController.m; path = Classes/OIUserAccountSettingsViewController.m; sourceTree = "<group>"; };
		20D51AEE14F48C8A00F4E653 /* OIUserAddressesViewController.h */ = {isa = PBXFileReference; fileEncoding = 4; lastKnownFileType = sourcecode.c.h; path = OIUserAddressesViewController.h; sourceTree = "<group>"; };
		20D51AEF14F48C8A00F4E653 /* OIUserAddressesViewController.m */ = {isa = PBXFileReference; fileEncoding = 4; lastKnownFileType = sourcecode.c.objc; path = OIUserAddressesViewController.m; sourceTree = "<group>"; };
		20D9E12714EC669600623E77 /* OIApplicationData.h */ = {isa = PBXFileReference; fileEncoding = 4; lastKnownFileType = sourcecode.c.h; name = OIApplicationData.h; path = Classes/OIApplicationData.h; sourceTree = "<group>"; };
		20D9E12814EC669600623E77 /* OIApplicationData.m */ = {isa = PBXFileReference; fileEncoding = 4; lastKnownFileType = sourcecode.c.objc; name = OIApplicationData.m; path = Classes/OIApplicationData.m; sourceTree = "<group>"; };
		20DDCDAF14F5C6C50084C142 /* OIUserNewAddressViewController.h */ = {isa = PBXFileReference; fileEncoding = 4; lastKnownFileType = sourcecode.c.h; path = OIUserNewAddressViewController.h; sourceTree = "<group>"; };
		20DDCDB014F5C6C50084C142 /* OIUserNewAddressViewController.m */ = {isa = PBXFileReference; fileEncoding = 4; lastKnownFileType = sourcecode.c.objc; path = OIUserNewAddressViewController.m; sourceTree = "<group>"; };
		BD4923C14C492F3000CD9F8 /* OIDemo.h */ = {isa = PBXFileReference; fileEncoding = 4; lastKnownFileType = sourcecode.c.h; name = OIDemo.h; path = Classes/OIDemo.h; sourceTree = "<group>"; };
		BD4923C14C492F3000CD9F9 /* OIDeliveryCheckViewController.m */ = {isa = PBXFileReference; fileEncoding = 4; lastKnownFileType = sourcecode.c.objc; name = OIDeliveryCheckViewController.m; path = Classes/OIDeliveryCheckViewController.m; sourceTree = "<group>"; };
		BD4923C14C492F3000CD9FB /* OIDeliveryCheckViewController.h */ = {isa = PBXFileReference; fileEncoding = 4; lastKnownFileType = sourcecode.c.h; name = OIDeliveryCheckViewController.h; path = Classes/OIDeliveryCheckViewController.h; sourceTree = "<group>"; };
/* End PBXFileReference section */

/* Begin PBXFrameworksBuildPhase section */
		0BD4921914C492F3000CD9F4 /* Frameworks */ = {
			isa = PBXFrameworksBuildPhase;
			buildActionMask = 2147483647;
			files = (
				0BA96D8114D8121200EFB4D9 /* MobileCoreServices.framework in Frameworks */,
				0BA96D7F14D8120100EFB4D9 /* libz.dylib in Frameworks */,
				0BA96D7C14D811F500EFB4D9 /* CFNetwork.framework in Frameworks */,
				0B5E065714D809700050DFE0 /* SystemConfiguration.framework in Frameworks */,
				0BD4922114C492F3000CD9F4 /* UIKit.framework in Frameworks */,
				0BD4922314C492F3000CD9F4 /* Foundation.framework in Frameworks */,
				0BD4922514C492F3000CD9F4 /* CoreGraphics.framework in Frameworks */,
				0B4522EA14D80288004A063C /* libOrdrin.a in Frameworks */,
			);
			runOnlyForDeploymentPostprocessing = 0;
		};
/* End PBXFrameworksBuildPhase section */

/* Begin PBXGroup section */
		0B4522EC14D80293004A063C /* Apple */ = {
			isa = PBXGroup;
			children = (
				0BA96D7E14D8120100EFB4D9 /* libz.dylib */,
				0BA96D8014D8121200EFB4D9 /* MobileCoreServices.framework */,
				0BA96D7B14D811F500EFB4D9 /* CFNetwork.framework */,
				0B5E065614D809700050DFE0 /* SystemConfiguration.framework */,
				0BD4922014C492F3000CD9F4 /* UIKit.framework */,
				0BD4922214C492F3000CD9F4 /* Foundation.framework */,
				0BD4922414C492F3000CD9F4 /* CoreGraphics.framework */,
			);
			name = Apple;
			sourceTree = "<group>";
		};
		0BD4921114C492F3000CD9F4 = {
			isa = PBXGroup;
			children = (
				0BD4922614C492F3000CD9F4 /* DemoApp */,
				0BD4921F14C492F3000CD9F4 /* Frameworks */,
				0BD4921D14C492F3000CD9F4 /* Products */,
			);
			sourceTree = "<group>";
		};
		0BD4921D14C492F3000CD9F4 /* Products */ = {
			isa = PBXGroup;
			children = (
				0BD4921C14C492F3000CD9F4 /* DemoApp.app */,
			);
			name = Products;
			sourceTree = "<group>";
		};
		0BD4921F14C492F3000CD9F4 /* Frameworks */ = {
			isa = PBXGroup;
			children = (
				0B4522E914D80288004A063C /* libOrdrin.a */,
				0B4522EC14D80293004A063C /* Apple */,
			);
			name = Frameworks;
			sourceTree = "<group>";
		};
		0BD4922614C492F3000CD9F4 /* DemoApp */ = {
			isa = PBXGroup;
			children = (
				20D9E12714EC669600623E77 /* OIApplicationData.h */,
				20D9E12814EC669600623E77 /* OIApplicationData.m */,
				20411CE314EB5E4C002165A2 /* Order */,
				20411CE214EB5E2F002165A2 /* User */,
				0BE14E6714E8D648008422EE /* OIListViewController.h */,
				0BE14E6814E8D648008422EE /* OIListViewController.m */,
				0BE14E6914E8D648008422EE /* OIMenuViewController.h */,
				0BE14E6A14E8D648008422EE /* OIMenuViewController.m */,
				BD4923C14C492F3000CD9FB /* OIDeliveryCheckViewController.h */,
				BD4923C14C492F3000CD9F9 /* OIDeliveryCheckViewController.m */,
				BD4923C14C492F3000CD9F8 /* OIDemo.h */,
				0BD4922F14C492F3000CD9F4 /* OIDemoAppDelegate.h */,
				0BD4923014C492F3000CD9F4 /* OIDemoAppDelegate.m */,
				0BD4922714C492F3000CD9F4 /* Supporting Files */,
			);
			path = DemoApp;
			sourceTree = "<group>";
		};
		0BD4922714C492F3000CD9F4 /* Supporting Files */ = {
			isa = PBXGroup;
			children = (
				0BD4922814C492F3000CD9F4 /* DemoApp-Info.plist */,
				0BD4922914C492F3000CD9F4 /* InfoPlist.strings */,
				0BD4922C14C492F3000CD9F4 /* main.m */,
				0BD4922E14C492F3000CD9F4 /* DemoApp-Prefix.pch */,
			);
			name = "Supporting Files";
			sourceTree = "<group>";
		};
		20411CE214EB5E2F002165A2 /* User */ = {
			isa = PBXGroup;
			children = (
				20D51AEB14F4898E00F4E653 /* OIUserAccountSettingsViewController.h */,
				20D51AEC14F4898E00F4E653 /* OIUserAccountSettingsViewController.m */,
				0BE14E8014E8D851008422EE /* OIUserViewController.m */,
				0BE14E7F14E8D851008422EE /* OIUserViewController.h */,
				20411CE014EB5E1B002165A2 /* OINewUserView.m */,
				20411CDF14EB5E1B002165A2 /* OINewUserView.h */,
				20411CD814EB587E002165A2 /* OIUserLogInView.m */,
				20411CD714EB587E002165A2 /* OIUserLogInView.h */,
				20934B7914EDDD170071F0A1 /* OIAccountNavigatorView.h */,
				20934B7A14EDDD170071F0A1 /* OIAccountNavigatorView.m */,
				20D51AEE14F48C8A00F4E653 /* OIUserAddressesViewController.h */,
				20D51AEF14F48C8A00F4E653 /* OIUserAddressesViewController.m */,
				20DDCDAF14F5C6C50084C142 /* OIUserNewAddressViewController.h */,
				20DDCDB014F5C6C50084C142 /* OIUserNewAddressViewController.m */,
			);
			name = User;
			sourceTree = "<group>";
		};
		20411CE314EB5E4C002165A2 /* Order */ = {
			isa = PBXGroup;
			children = (
				0BE14E6B14E8D648008422EE /* OIOrderViewController.h */,
				0BE14E6C14E8D648008422EE /* OIOrderViewController.m */,
			);
			name = Order;
			sourceTree = "<group>";
		};
/* End PBXGroup section */

/* Begin PBXNativeTarget section */
		0BD4921B14C492F3000CD9F4 /* DemoApp */ = {
			isa = PBXNativeTarget;
			buildConfigurationList = 0BD4923A14C492F3000CD9F4 /* Build configuration list for PBXNativeTarget "DemoApp" */;
			buildPhases = (
				0BD4921814C492F3000CD9F4 /* Sources */,
				0BD4921914C492F3000CD9F4 /* Frameworks */,
				0BD4921A14C492F3000CD9F4 /* Resources */,
			);
			buildRules = (
			);
			dependencies = (
			);
			name = DemoApp;
			productName = DemoApp;
			productReference = 0BD4921C14C492F3000CD9F4 /* DemoApp.app */;
			productType = "com.apple.product-type.application";
		};
/* End PBXNativeTarget section */

/* Begin PBXProject section */
		0BD4921314C492F3000CD9F4 /* Project object */ = {
			isa = PBXProject;
			attributes = {
				LastUpgradeCheck = 0420;
				ORGANIZATIONNAME = tapmates;
			};
			buildConfigurationList = 0BD4921614C492F3000CD9F4 /* Build configuration list for PBXProject "DemoApp" */;
			compatibilityVersion = "Xcode 3.2";
			developmentRegion = English;
			hasScannedForEncodings = 0;
			knownRegions = (
				en,
			);
			mainGroup = 0BD4921114C492F3000CD9F4;
			productRefGroup = 0BD4921D14C492F3000CD9F4 /* Products */;
			projectDirPath = "";
			projectRoot = "";
			targets = (
				0BD4921B14C492F3000CD9F4 /* DemoApp */,
			);
		};
/* End PBXProject section */

/* Begin PBXResourcesBuildPhase section */
		0BD4921A14C492F3000CD9F4 /* Resources */ = {
			isa = PBXResourcesBuildPhase;
			buildActionMask = 2147483647;
			files = (
				0BD4922B14C492F3000CD9F4 /* InfoPlist.strings in Resources */,
			);
			runOnlyForDeploymentPostprocessing = 0;
		};
/* End PBXResourcesBuildPhase section */

/* Begin PBXSourcesBuildPhase section */
		0BD4921814C492F3000CD9F4 /* Sources */ = {
			isa = PBXSourcesBuildPhase;
			buildActionMask = 2147483647;
			files = (
				0BD4922D14C492F3000CD9F4 /* main.m in Sources */,
				0BD4923114C492F3000CD9F4 /* OIDemoAppDelegate.m in Sources */,
				BD4923C14C492F3000CD9FA /* OIDeliveryCheckViewController.m in Sources */,
				0BE14E6D14E8D648008422EE /* OIListViewController.m in Sources */,
				0BE14E6E14E8D648008422EE /* OIMenuViewController.m in Sources */,
				0BE14E6F14E8D648008422EE /* OIOrderViewController.m in Sources */,
				0BE14E8114E8D851008422EE /* OIUserViewController.m in Sources */,
				20411CD914EB587E002165A2 /* OIUserLogInView.m in Sources */,
				20411CE114EB5E1B002165A2 /* OINewUserView.m in Sources */,
				20D9E12914EC669600623E77 /* OIApplicationData.m in Sources */,
				20934B7B14EDDD180071F0A1 /* OIAccountNavigatorView.m in Sources */,
				20D51AED14F4898E00F4E653 /* OIUserAccountSettingsViewController.m in Sources */,
				20D51AF014F48C8A00F4E653 /* OIUserAddressesViewController.m in Sources */,
				20DDCDB114F5C6C50084C142 /* OIUserNewAddressViewController.m in Sources */,
			);
			runOnlyForDeploymentPostprocessing = 0;
		};
/* End PBXSourcesBuildPhase section */

/* Begin PBXVariantGroup section */
		0BD4922914C492F3000CD9F4 /* InfoPlist.strings */ = {
			isa = PBXVariantGroup;
			children = (
				0BD4922A14C492F3000CD9F4 /* en */,
			);
			name = InfoPlist.strings;
			sourceTree = "<group>";
		};
/* End PBXVariantGroup section */

/* Begin XCBuildConfiguration section */
		0BD4923814C492F3000CD9F4 /* Debug */ = {
			isa = XCBuildConfiguration;
			buildSettings = {
				ALWAYS_SEARCH_USER_PATHS = NO;
				ARCHS = "$(ARCHS_STANDARD_32_BIT)";
				"CODE_SIGN_IDENTITY[sdk=iphoneos*]" = "iPhone Developer";
				COPY_PHASE_STRIP = NO;
				GCC_C_LANGUAGE_STANDARD = gnu99;
				GCC_DYNAMIC_NO_PIC = NO;
				GCC_OPTIMIZATION_LEVEL = 0;
				GCC_PREPROCESSOR_DEFINITIONS = (
					"DEBUG=1",
					"$(inherited)",
				);
				GCC_SYMBOLS_PRIVATE_EXTERN = NO;
				GCC_VERSION = com.apple.compilers.llvm.clang.1_0;
				GCC_WARN_ABOUT_MISSING_PROTOTYPES = YES;
				GCC_WARN_ABOUT_RETURN_TYPE = YES;
				GCC_WARN_UNUSED_VARIABLE = YES;
				HEADER_SEARCH_PATHS = ../../Source/libOrdrin/Ordrin;
				IPHONEOS_DEPLOYMENT_TARGET = 5.0;
				OTHER_LDFLAGS = "";
				SDKROOT = iphoneos;
			};
			name = Debug;
		};
		0BD4923914C492F3000CD9F4 /* Release */ = {
			isa = XCBuildConfiguration;
			buildSettings = {
				ALWAYS_SEARCH_USER_PATHS = NO;
				ARCHS = "$(ARCHS_STANDARD_32_BIT)";
				"CODE_SIGN_IDENTITY[sdk=iphoneos*]" = "iPhone Developer";
				COPY_PHASE_STRIP = YES;
				GCC_C_LANGUAGE_STANDARD = gnu99;
				GCC_VERSION = com.apple.compilers.llvm.clang.1_0;
				GCC_WARN_ABOUT_MISSING_PROTOTYPES = YES;
				GCC_WARN_ABOUT_RETURN_TYPE = YES;
				GCC_WARN_UNUSED_VARIABLE = YES;
				HEADER_SEARCH_PATHS = ../../Source/libOrdrin/Ordrin;
				IPHONEOS_DEPLOYMENT_TARGET = 5.0;
				OTHER_CFLAGS = "-DNS_BLOCK_ASSERTIONS=1";
				OTHER_LDFLAGS = "";
				SDKROOT = iphoneos;
				VALIDATE_PRODUCT = YES;
			};
			name = Release;
		};
		0BD4923B14C492F3000CD9F4 /* Debug */ = {
			isa = XCBuildConfiguration;
			buildSettings = {
				ALWAYS_SEARCH_USER_PATHS = NO;
				GCC_PRECOMPILE_PREFIX_HEADER = YES;
				GCC_PREFIX_HEADER = "DemoApp/DemoApp-Prefix.pch";
				HEADER_SEARCH_PATHS = ../../Source/libOrdrin/Ordrin;
				INFOPLIST_FILE = "DemoApp/DemoApp-Info.plist";
				LIBRARY_SEARCH_PATHS = "";
				OTHER_LDFLAGS = "-ObjC";
				PRODUCT_NAME = "$(TARGET_NAME)";
				USER_HEADER_SEARCH_PATHS = "";
				WRAPPER_EXTENSION = app;
			};
			name = Debug;
		};
		0BD4923C14C492F3000CD9F4 /* Release */ = {
			isa = XCBuildConfiguration;
			buildSettings = {
				ALWAYS_SEARCH_USER_PATHS = NO;
				GCC_PRECOMPILE_PREFIX_HEADER = YES;
				GCC_PREFIX_HEADER = "DemoApp/DemoApp-Prefix.pch";
				HEADER_SEARCH_PATHS = ../../Source/libOrdrin/Ordrin;
				INFOPLIST_FILE = "DemoApp/DemoApp-Info.plist";
				LIBRARY_SEARCH_PATHS = "";
				OTHER_LDFLAGS = "-ObjC";
				PRODUCT_NAME = "$(TARGET_NAME)";
				USER_HEADER_SEARCH_PATHS = "";
				WRAPPER_EXTENSION = app;
			};
			name = Release;
		};
/* End XCBuildConfiguration section */

/* Begin XCConfigurationList section */
		0BD4921614C492F3000CD9F4 /* Build configuration list for PBXProject "DemoApp" */ = {
			isa = XCConfigurationList;
			buildConfigurations = (
				0BD4923814C492F3000CD9F4 /* Debug */,
				0BD4923914C492F3000CD9F4 /* Release */,
			);
			defaultConfigurationIsVisible = 0;
			defaultConfigurationName = Release;
		};
		0BD4923A14C492F3000CD9F4 /* Build configuration list for PBXNativeTarget "DemoApp" */ = {
			isa = XCConfigurationList;
			buildConfigurations = (
				0BD4923B14C492F3000CD9F4 /* Debug */,
				0BD4923C14C492F3000CD9F4 /* Release */,
			);
			defaultConfigurationIsVisible = 0;
			defaultConfigurationName = Release;
		};
/* End XCConfigurationList section */
	};
	rootObject = 0BD4921314C492F3000CD9F4 /* Project object */;
}
